// !$*UTF8*$!
{
	archiveVersion = 1;
	classes = {
	};
	objectVersion = 46;
	objects = {

/* Begin PBXBuildFile section */
		57525A4517AB7DEA0094D835 /* QuartzCore.framework in Frameworks */ = {isa = PBXBuildFile; fileRef = 57525A4417AB7DEA0094D835 /* QuartzCore.framework */; };
		57525A6617AB9E3E0094D835 /* p3_b_0.png in Resources */ = {isa = PBXBuildFile; fileRef = 57525A4E17AB9E3E0094D835 /* p3_b_0.png */; };
		57525A6717AB9E3E0094D835 /* p3_b_1.png in Resources */ = {isa = PBXBuildFile; fileRef = 57525A4F17AB9E3E0094D835 /* p3_b_1.png */; };
		57525A6817AB9E3E0094D835 /* p3_b_10.png in Resources */ = {isa = PBXBuildFile; fileRef = 57525A5017AB9E3E0094D835 /* p3_b_10.png */; };
		57525A6917AB9E3E0094D835 /* p3_b_11.png in Resources */ = {isa = PBXBuildFile; fileRef = 57525A5117AB9E3E0094D835 /* p3_b_11.png */; };
		57525A6A17AB9E3E0094D835 /* p3_b_12.png in Resources */ = {isa = PBXBuildFile; fileRef = 57525A5217AB9E3E0094D835 /* p3_b_12.png */; };
		57525A6B17AB9E3E0094D835 /* p3_b_13.png in Resources */ = {isa = PBXBuildFile; fileRef = 57525A5317AB9E3E0094D835 /* p3_b_13.png */; };
		57525A6C17AB9E3E0094D835 /* p3_b_14.png in Resources */ = {isa = PBXBuildFile; fileRef = 57525A5417AB9E3E0094D835 /* p3_b_14.png */; };
		57525A6D17AB9E3E0094D835 /* p3_b_15.png in Resources */ = {isa = PBXBuildFile; fileRef = 57525A5517AB9E3E0094D835 /* p3_b_15.png */; };
		57525A6E17AB9E3E0094D835 /* p3_b_16.png in Resources */ = {isa = PBXBuildFile; fileRef = 57525A5617AB9E3E0094D835 /* p3_b_16.png */; };
		57525A6F17AB9E3E0094D835 /* p3_b_17.png in Resources */ = {isa = PBXBuildFile; fileRef = 57525A5717AB9E3E0094D835 /* p3_b_17.png */; };
		57525A7017AB9E3E0094D835 /* p3_b_18.png in Resources */ = {isa = PBXBuildFile; fileRef = 57525A5817AB9E3E0094D835 /* p3_b_18.png */; };
		57525A7117AB9E3E0094D835 /* p3_b_19.png in Resources */ = {isa = PBXBuildFile; fileRef = 57525A5917AB9E3E0094D835 /* p3_b_19.png */; };
		57525A7217AB9E3E0094D835 /* p3_b_2.png in Resources */ = {isa = PBXBuildFile; fileRef = 57525A5A17AB9E3E0094D835 /* p3_b_2.png */; };
		57525A7317AB9E3E0094D835 /* p3_b_20.png in Resources */ = {isa = PBXBuildFile; fileRef = 57525A5B17AB9E3E0094D835 /* p3_b_20.png */; };
		57525A7417AB9E3E0094D835 /* p3_b_21.png in Resources */ = {isa = PBXBuildFile; fileRef = 57525A5C17AB9E3E0094D835 /* p3_b_21.png */; };
		57525A7517AB9E3E0094D835 /* p3_b_22.png in Resources */ = {isa = PBXBuildFile; fileRef = 57525A5D17AB9E3E0094D835 /* p3_b_22.png */; };
		57525A7617AB9E3E0094D835 /* p3_b_23.png in Resources */ = {isa = PBXBuildFile; fileRef = 57525A5E17AB9E3E0094D835 /* p3_b_23.png */; };
		57525A7717AB9E3E0094D835 /* p3_b_3.png in Resources */ = {isa = PBXBuildFile; fileRef = 57525A5F17AB9E3E0094D835 /* p3_b_3.png */; };
		57525A7817AB9E3E0094D835 /* p3_b_4.png in Resources */ = {isa = PBXBuildFile; fileRef = 57525A6017AB9E3E0094D835 /* p3_b_4.png */; };
		57525A7917AB9E3E0094D835 /* p3_b_5.png in Resources */ = {isa = PBXBuildFile; fileRef = 57525A6117AB9E3E0094D835 /* p3_b_5.png */; };
		57525A7A17AB9E3E0094D835 /* p3_b_6.png in Resources */ = {isa = PBXBuildFile; fileRef = 57525A6217AB9E3E0094D835 /* p3_b_6.png */; };
		57525A7B17AB9E3E0094D835 /* p3_b_7.png in Resources */ = {isa = PBXBuildFile; fileRef = 57525A6317AB9E3E0094D835 /* p3_b_7.png */; };
		57525A7C17AB9E3E0094D835 /* p3_b_8.png in Resources */ = {isa = PBXBuildFile; fileRef = 57525A6417AB9E3E0094D835 /* p3_b_8.png */; };
		57525A7D17AB9E3E0094D835 /* p3_b_9.png in Resources */ = {isa = PBXBuildFile; fileRef = 57525A6517AB9E3E0094D835 /* p3_b_9.png */; };
		57525A9117ABB3910094D835 /* p1_a_0.png in Resources */ = {isa = PBXBuildFile; fileRef = 57525A7F17ABB3910094D835 /* p1_a_0.png */; };
		57525A9217ABB3910094D835 /* p1_a_1.png in Resources */ = {isa = PBXBuildFile; fileRef = 57525A8017ABB3910094D835 /* p1_a_1.png */; };
		57525A9317ABB3910094D835 /* p1_a_10.png in Resources */ = {isa = PBXBuildFile; fileRef = 57525A8117ABB3910094D835 /* p1_a_10.png */; };
		57525A9417ABB3910094D835 /* p1_a_11.png in Resources */ = {isa = PBXBuildFile; fileRef = 57525A8217ABB3910094D835 /* p1_a_11.png */; };
		57525A9517ABB3910094D835 /* p1_a_12.png in Resources */ = {isa = PBXBuildFile; fileRef = 57525A8317ABB3910094D835 /* p1_a_12.png */; };
		57525A9617ABB3910094D835 /* p1_a_13.png in Resources */ = {isa = PBXBuildFile; fileRef = 57525A8417ABB3910094D835 /* p1_a_13.png */; };
		57525A9717ABB3910094D835 /* p1_a_14.png in Resources */ = {isa = PBXBuildFile; fileRef = 57525A8517ABB3910094D835 /* p1_a_14.png */; };
		57525A9817ABB3910094D835 /* p1_a_15.png in Resources */ = {isa = PBXBuildFile; fileRef = 57525A8617ABB3910094D835 /* p1_a_15.png */; };
		57525A9917ABB3910094D835 /* p1_a_16.png in Resources */ = {isa = PBXBuildFile; fileRef = 57525A8717ABB3910094D835 /* p1_a_16.png */; };
		57525A9A17ABB3910094D835 /* p1_a_17.png in Resources */ = {isa = PBXBuildFile; fileRef = 57525A8817ABB3910094D835 /* p1_a_17.png */; };
		57525A9B17ABB3910094D835 /* p1_a_2.png in Resources */ = {isa = PBXBuildFile; fileRef = 57525A8917ABB3910094D835 /* p1_a_2.png */; };
		57525A9C17ABB3910094D835 /* p1_a_3.png in Resources */ = {isa = PBXBuildFile; fileRef = 57525A8A17ABB3910094D835 /* p1_a_3.png */; };
		57525A9D17ABB3910094D835 /* p1_a_4.png in Resources */ = {isa = PBXBuildFile; fileRef = 57525A8B17ABB3910094D835 /* p1_a_4.png */; };
		57525A9E17ABB3910094D835 /* p1_a_5.png in Resources */ = {isa = PBXBuildFile; fileRef = 57525A8C17ABB3910094D835 /* p1_a_5.png */; };
		57525A9F17ABB3910094D835 /* p1_a_6.png in Resources */ = {isa = PBXBuildFile; fileRef = 57525A8D17ABB3910094D835 /* p1_a_6.png */; };
		57525AA017ABB3910094D835 /* p1_a_7.png in Resources */ = {isa = PBXBuildFile; fileRef = 57525A8E17ABB3910094D835 /* p1_a_7.png */; };
		57525AA117ABB3910094D835 /* p1_a_8.png in Resources */ = {isa = PBXBuildFile; fileRef = 57525A8F17ABB3910094D835 /* p1_a_8.png */; };
		57525AA217ABB3910094D835 /* p1_a_9.png in Resources */ = {isa = PBXBuildFile; fileRef = 57525A9017ABB3910094D835 /* p1_a_9.png */; };
		577C491C17BDF8B500C7FC56 /* XYQuickDevelop.framework in Frameworks */ = {isa = PBXBuildFile; fileRef = 577C491B17BDF8B400C7FC56 /* XYQuickDevelop.framework */; };
		579ECE1D17A8E90B00687AF2 /* CoreText.framework in Frameworks */ = {isa = PBXBuildFile; fileRef = 579ECE1C17A8E90B00687AF2 /* CoreText.framework */; };
		579ECE2017A8EF8A00687AF2 /* TestView.m in Sources */ = {isa = PBXBuildFile; fileRef = 579ECE1F17A8EF8900687AF2 /* TestView.m */; };
		579ECE2117A8EF8A00687AF2 /* TestView.m in Sources */ = {isa = PBXBuildFile; fileRef = 579ECE1F17A8EF8900687AF2 /* TestView.m */; };
		579ECE2417A911B000687AF2 /* Test2View.m in Sources */ = {isa = PBXBuildFile; fileRef = 579ECE2317A911AF00687AF2 /* Test2View.m */; };
		579ECE2517A911B000687AF2 /* Test2View.m in Sources */ = {isa = PBXBuildFile; fileRef = 579ECE2317A911AF00687AF2 /* Test2View.m */; };
		57B30000177AD9BC00775FC9 /* Default-568h@2x.png in Resources */ = {isa = PBXBuildFile; fileRef = 57B3FFFF177AD9BC00775FC9 /* Default-568h@2x.png */; };
		57B30003177AD9BC00775FC9 /* ViewController.m in Sources */ = {isa = PBXBuildFile; fileRef = 57B30002177AD9BC00775FC9 /* ViewController.m */; };
		57B30006177AD9BC00775FC9 /* ViewController.xib in Resources */ = {isa = PBXBuildFile; fileRef = 57B30004177AD9BC00775FC9 /* ViewController.xib */; };
		57B3000E177AD9BC00775FC9 /* SenTestingKit.framework in Frameworks */ = {isa = PBXBuildFile; fileRef = 57B3000D177AD9BC00775FC9 /* SenTestingKit.framework */; };
		57B3000F177AD9BC00775FC9 /* UIKit.framework in Frameworks */ = {isa = PBXBuildFile; fileRef = 57B3FFE9177AD9BC00775FC9 /* UIKit.framework */; };
		57B30010177AD9BC00775FC9 /* Foundation.framework in Frameworks */ = {isa = PBXBuildFile; fileRef = 57B3FFEB177AD9BC00775FC9 /* Foundation.framework */; };
		57B30018177AD9BC00775FC9 /* InfoPlist.strings in Resources */ = {isa = PBXBuildFile; fileRef = 57B30016177AD9BC00775FC9 /* InfoPlist.strings */; };
		57B3001B177AD9BC00775FC9 /* JoinShowTests.m in Sources */ = {isa = PBXBuildFile; fileRef = 57B3001A177AD9BC00775FC9 /* JoinShowTests.m */; };
		57B3FFEA177AD9BC00775FC9 /* UIKit.framework in Frameworks */ = {isa = PBXBuildFile; fileRef = 57B3FFE9177AD9BC00775FC9 /* UIKit.framework */; };
		57B3FFEC177AD9BC00775FC9 /* Foundation.framework in Frameworks */ = {isa = PBXBuildFile; fileRef = 57B3FFEB177AD9BC00775FC9 /* Foundation.framework */; };
		57B3FFEE177AD9BC00775FC9 /* CoreGraphics.framework in Frameworks */ = {isa = PBXBuildFile; fileRef = 57B3FFED177AD9BC00775FC9 /* CoreGraphics.framework */; };
		57B3FFF4177AD9BC00775FC9 /* InfoPlist.strings in Resources */ = {isa = PBXBuildFile; fileRef = 57B3FFF2177AD9BC00775FC9 /* InfoPlist.strings */; };
		57B3FFF6177AD9BC00775FC9 /* main.m in Sources */ = {isa = PBXBuildFile; fileRef = 57B3FFF5177AD9BC00775FC9 /* main.m */; };
		57B3FFFA177AD9BC00775FC9 /* AppDelegate.m in Sources */ = {isa = PBXBuildFile; fileRef = 57B3FFF9177AD9BC00775FC9 /* AppDelegate.m */; };
		57B3FFFC177AD9BC00775FC9 /* Default.png in Resources */ = {isa = PBXBuildFile; fileRef = 57B3FFFB177AD9BC00775FC9 /* Default.png */; };
		57B3FFFE177AD9BC00775FC9 /* Default@2x.png in Resources */ = {isa = PBXBuildFile; fileRef = 57B3FFFD177AD9BC00775FC9 /* Default@2x.png */; };
		57BE89B917AA525200FCD864 /* AVFoundation.framework in Frameworks */ = {isa = PBXBuildFile; fileRef = 57BE89B817AA525200FCD864 /* AVFoundation.framework */; };
		57BE89BB17AA52E700FCD864 /* AudioToolbox.framework in Frameworks */ = {isa = PBXBuildFile; fileRef = 57BE89BA17AA52E700FCD864 /* AudioToolbox.framework */; };
		57BE89BD17AA531200FCD864 /* OpenAL.framework in Frameworks */ = {isa = PBXBuildFile; fileRef = 57BE89BC17AA531100FCD864 /* OpenAL.framework */; };
		57E852DD17B224CD00C664F4 /* BaseNSObject.m in Sources */ = {isa = PBXBuildFile; fileRef = 57E852D517B224CD00C664F4 /* BaseNSObject.m */; };
		57E852DE17B224CD00C664F4 /* JSONKit.m in Sources */ = {isa = PBXBuildFile; fileRef = 57E852D817B224CD00C664F4 /* JSONKit.m */; };
		57E852DF17B224CD00C664F4 /* NSData+IJson.m in Sources */ = {isa = PBXBuildFile; fileRef = 57E852DA17B224CD00C664F4 /* NSData+IJson.m */; };
		57E852E017B224CD00C664F4 /* NSString+IJson.m in Sources */ = {isa = PBXBuildFile; fileRef = 57E852DC17B224CD00C664F4 /* NSString+IJson.m */; };
		57E852E217B224E500C664F4 /* json2.json in Resources */ = {isa = PBXBuildFile; fileRef = 57E852E117B224E500C664F4 /* json2.json */; };
		57E852F517B2271000C664F4 /* BookInfo.m in Sources */ = {isa = PBXBuildFile; fileRef = 57E852F417B2270F00C664F4 /* BookInfo.m */; };
/* End PBXBuildFile section */

/* Begin PBXContainerItemProxy section */
		57B30011177AD9BC00775FC9 /* PBXContainerItemProxy */ = {
			isa = PBXContainerItemProxy;
			containerPortal = 57B3FFDE177AD9BC00775FC9 /* Project object */;
			proxyType = 1;
			remoteGlobalIDString = 57B3FFE5177AD9BC00775FC9;
			remoteInfo = JoinShow;
		};
/* End PBXContainerItemProxy section */

/* Begin PBXFileReference section */
		57525A4417AB7DEA0094D835 /* QuartzCore.framework */ = {isa = PBXFileReference; lastKnownFileType = wrapper.framework; name = QuartzCore.framework; path = System/Library/Frameworks/QuartzCore.framework; sourceTree = SDKROOT; };
		57525A4E17AB9E3E0094D835 /* p3_b_0.png */ = {isa = PBXFileReference; lastKnownFileType = image.png; path = p3_b_0.png; sourceTree = "<group>"; };
		57525A4F17AB9E3E0094D835 /* p3_b_1.png */ = {isa = PBXFileReference; lastKnownFileType = image.png; path = p3_b_1.png; sourceTree = "<group>"; };
		57525A5017AB9E3E0094D835 /* p3_b_10.png */ = {isa = PBXFileReference; lastKnownFileType = image.png; path = p3_b_10.png; sourceTree = "<group>"; };
		57525A5117AB9E3E0094D835 /* p3_b_11.png */ = {isa = PBXFileReference; lastKnownFileType = image.png; path = p3_b_11.png; sourceTree = "<group>"; };
		57525A5217AB9E3E0094D835 /* p3_b_12.png */ = {isa = PBXFileReference; lastKnownFileType = image.png; path = p3_b_12.png; sourceTree = "<group>"; };
		57525A5317AB9E3E0094D835 /* p3_b_13.png */ = {isa = PBXFileReference; lastKnownFileType = image.png; path = p3_b_13.png; sourceTree = "<group>"; };
		57525A5417AB9E3E0094D835 /* p3_b_14.png */ = {isa = PBXFileReference; lastKnownFileType = image.png; path = p3_b_14.png; sourceTree = "<group>"; };
		57525A5517AB9E3E0094D835 /* p3_b_15.png */ = {isa = PBXFileReference; lastKnownFileType = image.png; path = p3_b_15.png; sourceTree = "<group>"; };
		57525A5617AB9E3E0094D835 /* p3_b_16.png */ = {isa = PBXFileReference; lastKnownFileType = image.png; path = p3_b_16.png; sourceTree = "<group>"; };
		57525A5717AB9E3E0094D835 /* p3_b_17.png */ = {isa = PBXFileReference; lastKnownFileType = image.png; path = p3_b_17.png; sourceTree = "<group>"; };
		57525A5817AB9E3E0094D835 /* p3_b_18.png */ = {isa = PBXFileReference; lastKnownFileType = image.png; path = p3_b_18.png; sourceTree = "<group>"; };
		57525A5917AB9E3E0094D835 /* p3_b_19.png */ = {isa = PBXFileReference; lastKnownFileType = image.png; path = p3_b_19.png; sourceTree = "<group>"; };
		57525A5A17AB9E3E0094D835 /* p3_b_2.png */ = {isa = PBXFileReference; lastKnownFileType = image.png; path = p3_b_2.png; sourceTree = "<group>"; };
		57525A5B17AB9E3E0094D835 /* p3_b_20.png */ = {isa = PBXFileReference; lastKnownFileType = image.png; path = p3_b_20.png; sourceTree = "<group>"; };
		57525A5C17AB9E3E0094D835 /* p3_b_21.png */ = {isa = PBXFileReference; lastKnownFileType = image.png; path = p3_b_21.png; sourceTree = "<group>"; };
		57525A5D17AB9E3E0094D835 /* p3_b_22.png */ = {isa = PBXFileReference; lastKnownFileType = image.png; path = p3_b_22.png; sourceTree = "<group>"; };
		57525A5E17AB9E3E0094D835 /* p3_b_23.png */ = {isa = PBXFileReference; lastKnownFileType = image.png; path = p3_b_23.png; sourceTree = "<group>"; };
		57525A5F17AB9E3E0094D835 /* p3_b_3.png */ = {isa = PBXFileReference; lastKnownFileType = image.png; path = p3_b_3.png; sourceTree = "<group>"; };
		57525A6017AB9E3E0094D835 /* p3_b_4.png */ = {isa = PBXFileReference; lastKnownFileType = image.png; path = p3_b_4.png; sourceTree = "<group>"; };
		57525A6117AB9E3E0094D835 /* p3_b_5.png */ = {isa = PBXFileReference; lastKnownFileType = image.png; path = p3_b_5.png; sourceTree = "<group>"; };
		57525A6217AB9E3E0094D835 /* p3_b_6.png */ = {isa = PBXFileReference; lastKnownFileType = image.png; path = p3_b_6.png; sourceTree = "<group>"; };
		57525A6317AB9E3E0094D835 /* p3_b_7.png */ = {isa = PBXFileReference; lastKnownFileType = image.png; path = p3_b_7.png; sourceTree = "<group>"; };
		57525A6417AB9E3E0094D835 /* p3_b_8.png */ = {isa = PBXFileReference; lastKnownFileType = image.png; path = p3_b_8.png; sourceTree = "<group>"; };
		57525A6517AB9E3E0094D835 /* p3_b_9.png */ = {isa = PBXFileReference; lastKnownFileType = image.png; path = p3_b_9.png; sourceTree = "<group>"; };
		57525A7F17ABB3910094D835 /* p1_a_0.png */ = {isa = PBXFileReference; lastKnownFileType = image.png; path = p1_a_0.png; sourceTree = "<group>"; };
		57525A8017ABB3910094D835 /* p1_a_1.png */ = {isa = PBXFileReference; lastKnownFileType = image.png; path = p1_a_1.png; sourceTree = "<group>"; };
		57525A8117ABB3910094D835 /* p1_a_10.png */ = {isa = PBXFileReference; lastKnownFileType = image.png; path = p1_a_10.png; sourceTree = "<group>"; };
		57525A8217ABB3910094D835 /* p1_a_11.png */ = {isa = PBXFileReference; lastKnownFileType = image.png; path = p1_a_11.png; sourceTree = "<group>"; };
		57525A8317ABB3910094D835 /* p1_a_12.png */ = {isa = PBXFileReference; lastKnownFileType = image.png; path = p1_a_12.png; sourceTree = "<group>"; };
		57525A8417ABB3910094D835 /* p1_a_13.png */ = {isa = PBXFileReference; lastKnownFileType = image.png; path = p1_a_13.png; sourceTree = "<group>"; };
		57525A8517ABB3910094D835 /* p1_a_14.png */ = {isa = PBXFileReference; lastKnownFileType = image.png; path = p1_a_14.png; sourceTree = "<group>"; };
		57525A8617ABB3910094D835 /* p1_a_15.png */ = {isa = PBXFileReference; lastKnownFileType = image.png; path = p1_a_15.png; sourceTree = "<group>"; };
		57525A8717ABB3910094D835 /* p1_a_16.png */ = {isa = PBXFileReference; lastKnownFileType = image.png; path = p1_a_16.png; sourceTree = "<group>"; };
		57525A8817ABB3910094D835 /* p1_a_17.png */ = {isa = PBXFileReference; lastKnownFileType = image.png; path = p1_a_17.png; sourceTree = "<group>"; };
		57525A8917ABB3910094D835 /* p1_a_2.png */ = {isa = PBXFileReference; lastKnownFileType = image.png; path = p1_a_2.png; sourceTree = "<group>"; };
		57525A8A17ABB3910094D835 /* p1_a_3.png */ = {isa = PBXFileReference; lastKnownFileType = image.png; path = p1_a_3.png; sourceTree = "<group>"; };
		57525A8B17ABB3910094D835 /* p1_a_4.png */ = {isa = PBXFileReference; lastKnownFileType = image.png; path = p1_a_4.png; sourceTree = "<group>"; };
		57525A8C17ABB3910094D835 /* p1_a_5.png */ = {isa = PBXFileReference; lastKnownFileType = image.png; path = p1_a_5.png; sourceTree = "<group>"; };
		57525A8D17ABB3910094D835 /* p1_a_6.png */ = {isa = PBXFileReference; lastKnownFileType = image.png; path = p1_a_6.png; sourceTree = "<group>"; };
		57525A8E17ABB3910094D835 /* p1_a_7.png */ = {isa = PBXFileReference; lastKnownFileType = image.png; path = p1_a_7.png; sourceTree = "<group>"; };
		57525A8F17ABB3910094D835 /* p1_a_8.png */ = {isa = PBXFileReference; lastKnownFileType = image.png; path = p1_a_8.png; sourceTree = "<group>"; };
		57525A9017ABB3910094D835 /* p1_a_9.png */ = {isa = PBXFileReference; lastKnownFileType = image.png; path = p1_a_9.png; sourceTree = "<group>"; };
		577C491B17BDF8B400C7FC56 /* XYQuickDevelop.framework */ = {isa = PBXFileReference; lastKnownFileType = file; name = XYQuickDevelop.framework; path = "../XYQuickDevelop/build/Release-iphoneos/XYQuickDevelop.framework"; sourceTree = "<group>"; };
		579ECE1C17A8E90B00687AF2 /* CoreText.framework */ = {isa = PBXFileReference; lastKnownFileType = wrapper.framework; name = CoreText.framework; path = System/Library/Frameworks/CoreText.framework; sourceTree = SDKROOT; };
		579ECE1E17A8EF8900687AF2 /* TestView.h */ = {isa = PBXFileReference; fileEncoding = 4; lastKnownFileType = sourcecode.c.h; path = TestView.h; sourceTree = "<group>"; };
		579ECE1F17A8EF8900687AF2 /* TestView.m */ = {isa = PBXFileReference; fileEncoding = 4; lastKnownFileType = sourcecode.c.objc; path = TestView.m; sourceTree = "<group>"; };
		579ECE2217A911AF00687AF2 /* Test2View.h */ = {isa = PBXFileReference; fileEncoding = 4; lastKnownFileType = sourcecode.c.h; path = Test2View.h; sourceTree = "<group>"; };
		579ECE2317A911AF00687AF2 /* Test2View.m */ = {isa = PBXFileReference; fileEncoding = 4; lastKnownFileType = sourcecode.c.objc; path = Test2View.m; sourceTree = "<group>"; };
		57B30001177AD9BC00775FC9 /* ViewController.h */ = {isa = PBXFileReference; lastKnownFileType = sourcecode.c.h; path = ViewController.h; sourceTree = "<group>"; };
		57B30002177AD9BC00775FC9 /* ViewController.m */ = {isa = PBXFileReference; lastKnownFileType = sourcecode.c.objc; path = ViewController.m; sourceTree = "<group>"; };
		57B30005177AD9BC00775FC9 /* en */ = {isa = PBXFileReference; lastKnownFileType = file.xib; name = en; path = en.lproj/ViewController.xib; sourceTree = "<group>"; };
		57B3000C177AD9BC00775FC9 /* JoinShowTests.octest */ = {isa = PBXFileReference; explicitFileType = wrapper.cfbundle; includeInIndex = 0; path = JoinShowTests.octest; sourceTree = BUILT_PRODUCTS_DIR; };
		57B3000D177AD9BC00775FC9 /* SenTestingKit.framework */ = {isa = PBXFileReference; lastKnownFileType = wrapper.framework; name = SenTestingKit.framework; path = Library/Frameworks/SenTestingKit.framework; sourceTree = DEVELOPER_DIR; };
		57B30015177AD9BC00775FC9 /* JoinShowTests-Info.plist */ = {isa = PBXFileReference; lastKnownFileType = text.plist.xml; path = "JoinShowTests-Info.plist"; sourceTree = "<group>"; };
		57B30017177AD9BC00775FC9 /* en */ = {isa = PBXFileReference; lastKnownFileType = text.plist.strings; name = en; path = en.lproj/InfoPlist.strings; sourceTree = "<group>"; };
		57B30019177AD9BC00775FC9 /* JoinShowTests.h */ = {isa = PBXFileReference; lastKnownFileType = sourcecode.c.h; path = JoinShowTests.h; sourceTree = "<group>"; };
		57B3001A177AD9BC00775FC9 /* JoinShowTests.m */ = {isa = PBXFileReference; lastKnownFileType = sourcecode.c.objc; path = JoinShowTests.m; sourceTree = "<group>"; };
		57B3FFE6177AD9BC00775FC9 /* JoinShow.app */ = {isa = PBXFileReference; explicitFileType = wrapper.application; includeInIndex = 0; path = JoinShow.app; sourceTree = BUILT_PRODUCTS_DIR; };
		57B3FFE9177AD9BC00775FC9 /* UIKit.framework */ = {isa = PBXFileReference; lastKnownFileType = wrapper.framework; name = UIKit.framework; path = System/Library/Frameworks/UIKit.framework; sourceTree = SDKROOT; };
		57B3FFEB177AD9BC00775FC9 /* Foundation.framework */ = {isa = PBXFileReference; lastKnownFileType = wrapper.framework; name = Foundation.framework; path = System/Library/Frameworks/Foundation.framework; sourceTree = SDKROOT; };
		57B3FFED177AD9BC00775FC9 /* CoreGraphics.framework */ = {isa = PBXFileReference; lastKnownFileType = wrapper.framework; name = CoreGraphics.framework; path = System/Library/Frameworks/CoreGraphics.framework; sourceTree = SDKROOT; };
		57B3FFF1177AD9BC00775FC9 /* JoinShow-Info.plist */ = {isa = PBXFileReference; lastKnownFileType = text.plist.xml; path = "JoinShow-Info.plist"; sourceTree = "<group>"; };
		57B3FFF3177AD9BC00775FC9 /* en */ = {isa = PBXFileReference; lastKnownFileType = text.plist.strings; name = en; path = en.lproj/InfoPlist.strings; sourceTree = "<group>"; };
		57B3FFF5177AD9BC00775FC9 /* main.m */ = {isa = PBXFileReference; lastKnownFileType = sourcecode.c.objc; path = main.m; sourceTree = "<group>"; };
		57B3FFF7177AD9BC00775FC9 /* JoinShow-Prefix.pch */ = {isa = PBXFileReference; lastKnownFileType = sourcecode.c.h; path = "JoinShow-Prefix.pch"; sourceTree = "<group>"; };
		57B3FFF8177AD9BC00775FC9 /* AppDelegate.h */ = {isa = PBXFileReference; lastKnownFileType = sourcecode.c.h; path = AppDelegate.h; sourceTree = "<group>"; };
		57B3FFF9177AD9BC00775FC9 /* AppDelegate.m */ = {isa = PBXFileReference; lastKnownFileType = sourcecode.c.objc; path = AppDelegate.m; sourceTree = "<group>"; };
		57B3FFFB177AD9BC00775FC9 /* Default.png */ = {isa = PBXFileReference; lastKnownFileType = image.png; path = Default.png; sourceTree = "<group>"; };
		57B3FFFD177AD9BC00775FC9 /* Default@2x.png */ = {isa = PBXFileReference; lastKnownFileType = image.png; path = "Default@2x.png"; sourceTree = "<group>"; };
		57B3FFFF177AD9BC00775FC9 /* Default-568h@2x.png */ = {isa = PBXFileReference; lastKnownFileType = image.png; path = "Default-568h@2x.png"; sourceTree = "<group>"; };
		57BE89B817AA525200FCD864 /* AVFoundation.framework */ = {isa = PBXFileReference; lastKnownFileType = wrapper.framework; name = AVFoundation.framework; path = System/Library/Frameworks/AVFoundation.framework; sourceTree = SDKROOT; };
		57BE89BA17AA52E700FCD864 /* AudioToolbox.framework */ = {isa = PBXFileReference; lastKnownFileType = wrapper.framework; name = AudioToolbox.framework; path = System/Library/Frameworks/AudioToolbox.framework; sourceTree = SDKROOT; };
		57BE89BC17AA531100FCD864 /* OpenAL.framework */ = {isa = PBXFileReference; lastKnownFileType = wrapper.framework; name = OpenAL.framework; path = System/Library/Frameworks/OpenAL.framework; sourceTree = SDKROOT; };
		57E852D417B224CD00C664F4 /* BaseNSObject.h */ = {isa = PBXFileReference; fileEncoding = 4; lastKnownFileType = sourcecode.c.h; path = BaseNSObject.h; sourceTree = "<group>"; };
		57E852D517B224CD00C664F4 /* BaseNSObject.m */ = {isa = PBXFileReference; fileEncoding = 4; lastKnownFileType = sourcecode.c.objc; path = BaseNSObject.m; sourceTree = "<group>"; };
		57E852D717B224CD00C664F4 /* JSONKit.h */ = {isa = PBXFileReference; fileEncoding = 4; lastKnownFileType = sourcecode.c.h; path = JSONKit.h; sourceTree = "<group>"; };
		57E852D817B224CD00C664F4 /* JSONKit.m */ = {isa = PBXFileReference; fileEncoding = 4; lastKnownFileType = sourcecode.c.objc; path = JSONKit.m; sourceTree = "<group>"; };
		57E852D917B224CD00C664F4 /* NSData+IJson.h */ = {isa = PBXFileReference; fileEncoding = 4; lastKnownFileType = sourcecode.c.h; path = "NSData+IJson.h"; sourceTree = "<group>"; };
		57E852DA17B224CD00C664F4 /* NSData+IJson.m */ = {isa = PBXFileReference; fileEncoding = 4; lastKnownFileType = sourcecode.c.objc; path = "NSData+IJson.m"; sourceTree = "<group>"; };
		57E852DB17B224CD00C664F4 /* NSString+IJson.h */ = {isa = PBXFileReference; fileEncoding = 4; lastKnownFileType = sourcecode.c.h; path = "NSString+IJson.h"; sourceTree = "<group>"; };
		57E852DC17B224CD00C664F4 /* NSString+IJson.m */ = {isa = PBXFileReference; fileEncoding = 4; lastKnownFileType = sourcecode.c.objc; path = "NSString+IJson.m"; sourceTree = "<group>"; };
		57E852E117B224E500C664F4 /* json2.json */ = {isa = PBXFileReference; fileEncoding = 4; lastKnownFileType = text.json; path = json2.json; sourceTree = "<group>"; };
		57E852F317B2270F00C664F4 /* BookInfo.h */ = {isa = PBXFileReference; fileEncoding = 4; lastKnownFileType = sourcecode.c.h; path = BookInfo.h; sourceTree = "<group>"; };
		57E852F417B2270F00C664F4 /* BookInfo.m */ = {isa = PBXFileReference; fileEncoding = 4; lastKnownFileType = sourcecode.c.objc; path = BookInfo.m; sourceTree = "<group>"; };
/* End PBXFileReference section */

/* Begin PBXFrameworksBuildPhase section */
		57B30008177AD9BC00775FC9 /* Frameworks */ = {
			isa = PBXFrameworksBuildPhase;
			buildActionMask = 2147483647;
			files = (
				57B3000E177AD9BC00775FC9 /* SenTestingKit.framework in Frameworks */,
				57B3000F177AD9BC00775FC9 /* UIKit.framework in Frameworks */,
				57B30010177AD9BC00775FC9 /* Foundation.framework in Frameworks */,
			);
			runOnlyForDeploymentPostprocessing = 0;
		};
		57B3FFE3177AD9BC00775FC9 /* Frameworks */ = {
			isa = PBXFrameworksBuildPhase;
			buildActionMask = 2147483647;
			files = (
				577C491C17BDF8B500C7FC56 /* XYQuickDevelop.framework in Frameworks */,
				57B3FFEA177AD9BC00775FC9 /* UIKit.framework in Frameworks */,
				57525A4517AB7DEA0094D835 /* QuartzCore.framework in Frameworks */,
				57BE89BD17AA531200FCD864 /* OpenAL.framework in Frameworks */,
				57BE89B917AA525200FCD864 /* AVFoundation.framework in Frameworks */,
				579ECE1D17A8E90B00687AF2 /* CoreText.framework in Frameworks */,
				57B3FFEC177AD9BC00775FC9 /* Foundation.framework in Frameworks */,
				57B3FFEE177AD9BC00775FC9 /* CoreGraphics.framework in Frameworks */,
				57BE89BB17AA52E700FCD864 /* AudioToolbox.framework in Frameworks */,
			);
			runOnlyForDeploymentPostprocessing = 0;
		};
/* End PBXFrameworksBuildPhase section */

/* Begin PBXGroup section */
		57525A4C17AB9E300094D835 /* Resource */ = {
			isa = PBXGroup;
			children = (
				57E852E117B224E500C664F4 /* json2.json */,
				57525A7E17ABB3910094D835 /* p1_a */,
				57525A4D17AB9E3E0094D835 /* p3_b */,
			);
			path = Resource;
			sourceTree = "<group>";
		};
		57525A4D17AB9E3E0094D835 /* p3_b */ = {
			isa = PBXGroup;
			children = (
				57525A4E17AB9E3E0094D835 /* p3_b_0.png */,
				57525A4F17AB9E3E0094D835 /* p3_b_1.png */,
				57525A5017AB9E3E0094D835 /* p3_b_10.png */,
				57525A5117AB9E3E0094D835 /* p3_b_11.png */,
				57525A5217AB9E3E0094D835 /* p3_b_12.png */,
				57525A5317AB9E3E0094D835 /* p3_b_13.png */,
				57525A5417AB9E3E0094D835 /* p3_b_14.png */,
				57525A5517AB9E3E0094D835 /* p3_b_15.png */,
				57525A5617AB9E3E0094D835 /* p3_b_16.png */,
				57525A5717AB9E3E0094D835 /* p3_b_17.png */,
				57525A5817AB9E3E0094D835 /* p3_b_18.png */,
				57525A5917AB9E3E0094D835 /* p3_b_19.png */,
				57525A5A17AB9E3E0094D835 /* p3_b_2.png */,
				57525A5B17AB9E3E0094D835 /* p3_b_20.png */,
				57525A5C17AB9E3E0094D835 /* p3_b_21.png */,
				57525A5D17AB9E3E0094D835 /* p3_b_22.png */,
				57525A5E17AB9E3E0094D835 /* p3_b_23.png */,
				57525A5F17AB9E3E0094D835 /* p3_b_3.png */,
				57525A6017AB9E3E0094D835 /* p3_b_4.png */,
				57525A6117AB9E3E0094D835 /* p3_b_5.png */,
				57525A6217AB9E3E0094D835 /* p3_b_6.png */,
				57525A6317AB9E3E0094D835 /* p3_b_7.png */,
				57525A6417AB9E3E0094D835 /* p3_b_8.png */,
				57525A6517AB9E3E0094D835 /* p3_b_9.png */,
			);
			path = p3_b;
			sourceTree = "<group>";
		};
		57525A7E17ABB3910094D835 /* p1_a */ = {
			isa = PBXGroup;
			children = (
				57525A7F17ABB3910094D835 /* p1_a_0.png */,
				57525A8017ABB3910094D835 /* p1_a_1.png */,
				57525A8117ABB3910094D835 /* p1_a_10.png */,
				57525A8217ABB3910094D835 /* p1_a_11.png */,
				57525A8317ABB3910094D835 /* p1_a_12.png */,
				57525A8417ABB3910094D835 /* p1_a_13.png */,
				57525A8517ABB3910094D835 /* p1_a_14.png */,
				57525A8617ABB3910094D835 /* p1_a_15.png */,
				57525A8717ABB3910094D835 /* p1_a_16.png */,
				57525A8817ABB3910094D835 /* p1_a_17.png */,
				57525A8917ABB3910094D835 /* p1_a_2.png */,
				57525A8A17ABB3910094D835 /* p1_a_3.png */,
				57525A8B17ABB3910094D835 /* p1_a_4.png */,
				57525A8C17ABB3910094D835 /* p1_a_5.png */,
				57525A8D17ABB3910094D835 /* p1_a_6.png */,
				57525A8E17ABB3910094D835 /* p1_a_7.png */,
				57525A8F17ABB3910094D835 /* p1_a_8.png */,
				57525A9017ABB3910094D835 /* p1_a_9.png */,
			);
			path = p1_a;
			sourceTree = "<group>";
		};
		57B30013177AD9BC00775FC9 /* JoinShowTests */ = {
			isa = PBXGroup;
			children = (
				57B30019177AD9BC00775FC9 /* JoinShowTests.h */,
				57B3001A177AD9BC00775FC9 /* JoinShowTests.m */,
				57B30014177AD9BC00775FC9 /* Supporting Files */,
			);
			path = JoinShowTests;
			sourceTree = "<group>";
		};
		57B30014177AD9BC00775FC9 /* Supporting Files */ = {
			isa = PBXGroup;
			children = (
				57B30015177AD9BC00775FC9 /* JoinShowTests-Info.plist */,
				57B30016177AD9BC00775FC9 /* InfoPlist.strings */,
			);
			name = "Supporting Files";
			sourceTree = "<group>";
		};
		57B3FFDD177AD9BC00775FC9 = {
			isa = PBXGroup;
			children = (
				577C491B17BDF8B400C7FC56 /* XYQuickDevelop.framework */,
				57B3FFEF177AD9BC00775FC9 /* JoinShow */,
				57B30013177AD9BC00775FC9 /* JoinShowTests */,
				57B3FFE8177AD9BC00775FC9 /* Frameworks */,
				57B3FFE7177AD9BC00775FC9 /* Products */,
			);
			sourceTree = "<group>";
		};
		57B3FFE7177AD9BC00775FC9 /* Products */ = {
			isa = PBXGroup;
			children = (
				57B3FFE6177AD9BC00775FC9 /* JoinShow.app */,
				57B3000C177AD9BC00775FC9 /* JoinShowTests.octest */,
			);
			name = Products;
			sourceTree = "<group>";
		};
		57B3FFE8177AD9BC00775FC9 /* Frameworks */ = {
			isa = PBXGroup;
			children = (
				57525A4417AB7DEA0094D835 /* QuartzCore.framework */,
				57BE89BC17AA531100FCD864 /* OpenAL.framework */,
				57BE89BA17AA52E700FCD864 /* AudioToolbox.framework */,
				57BE89B817AA525200FCD864 /* AVFoundation.framework */,
				579ECE1C17A8E90B00687AF2 /* CoreText.framework */,
				57B3FFE9177AD9BC00775FC9 /* UIKit.framework */,
				57B3FFEB177AD9BC00775FC9 /* Foundation.framework */,
				57B3FFED177AD9BC00775FC9 /* CoreGraphics.framework */,
				57B3000D177AD9BC00775FC9 /* SenTestingKit.framework */,
			);
			name = Frameworks;
			sourceTree = "<group>";
		};
		57B3FFEF177AD9BC00775FC9 /* JoinShow */ = {
			isa = PBXGroup;
			children = (
				57D5B88417B8ABBB009212F7 /* AppDelegate */,
				57E852D317B224CD00C664F4 /* JsonToNSObject */,
				57B3FFF0177AD9BC00775FC9 /* Supporting Files */,
			);
			path = JoinShow;
			sourceTree = "<group>";
		};
		57B3FFF0177AD9BC00775FC9 /* Supporting Files */ = {
			isa = PBXGroup;
			children = (
				57525A4C17AB9E300094D835 /* Resource */,
				57B3FFF1177AD9BC00775FC9 /* JoinShow-Info.plist */,
				57B3FFF2177AD9BC00775FC9 /* InfoPlist.strings */,
				57B3FFF5177AD9BC00775FC9 /* main.m */,
				57B3FFF7177AD9BC00775FC9 /* JoinShow-Prefix.pch */,
				57B3FFFB177AD9BC00775FC9 /* Default.png */,
				57B3FFFD177AD9BC00775FC9 /* Default@2x.png */,
				57B3FFFF177AD9BC00775FC9 /* Default-568h@2x.png */,
			);
			name = "Supporting Files";
			sourceTree = "<group>";
		};
		57D5B88417B8ABBB009212F7 /* AppDelegate */ = {
			isa = PBXGroup;
			children = (
				57B3FFF8177AD9BC00775FC9 /* AppDelegate.h */,
				57B3FFF9177AD9BC00775FC9 /* AppDelegate.m */,
				57B30001177AD9BC00775FC9 /* ViewController.h */,
				57B30002177AD9BC00775FC9 /* ViewController.m */,
				579ECE1E17A8EF8900687AF2 /* TestView.h */,
				579ECE1F17A8EF8900687AF2 /* TestView.m */,
				579ECE2217A911AF00687AF2 /* Test2View.h */,
				579ECE2317A911AF00687AF2 /* Test2View.m */,
				57E852F317B2270F00C664F4 /* BookInfo.h */,
				57E852F417B2270F00C664F4 /* BookInfo.m */,
				57B30004177AD9BC00775FC9 /* ViewController.xib */,
			);
			name = AppDelegate;
			sourceTree = "<group>";
		};
		57E852D317B224CD00C664F4 /* JsonToNSObject */ = {
			isa = PBXGroup;
			children = (
				57E852D417B224CD00C664F4 /* BaseNSObject.h */,
				57E852D517B224CD00C664F4 /* BaseNSObject.m */,
				57E852D617B224CD00C664F4 /* JSONKit */,
				57E852D917B224CD00C664F4 /* NSData+IJson.h */,
				57E852DA17B224CD00C664F4 /* NSData+IJson.m */,
				57E852DB17B224CD00C664F4 /* NSString+IJson.h */,
				57E852DC17B224CD00C664F4 /* NSString+IJson.m */,
			);
			path = JsonToNSObject;
			sourceTree = "<group>";
		};
		57E852D617B224CD00C664F4 /* JSONKit */ = {
			isa = PBXGroup;
			children = (
				57E852D717B224CD00C664F4 /* JSONKit.h */,
				57E852D817B224CD00C664F4 /* JSONKit.m */,
			);
			path = JSONKit;
			sourceTree = "<group>";
		};
/* End PBXGroup section */

/* Begin PBXNativeTarget section */
		57B3000B177AD9BC00775FC9 /* JoinShowTests */ = {
			isa = PBXNativeTarget;
			buildConfigurationList = 57B30021177AD9BC00775FC9 /* Build configuration list for PBXNativeTarget "JoinShowTests" */;
			buildPhases = (
				57B30007177AD9BC00775FC9 /* Sources */,
				57B30008177AD9BC00775FC9 /* Frameworks */,
				57B30009177AD9BC00775FC9 /* Resources */,
				57B3000A177AD9BC00775FC9 /* ShellScript */,
			);
			buildRules = (
			);
			dependencies = (
				57B30012177AD9BC00775FC9 /* PBXTargetDependency */,
			);
			name = JoinShowTests;
			productName = JoinShowTests;
			productReference = 57B3000C177AD9BC00775FC9 /* JoinShowTests.octest */;
			productType = "com.apple.product-type.bundle";
		};
		57B3FFE5177AD9BC00775FC9 /* JoinShow */ = {
			isa = PBXNativeTarget;
			buildConfigurationList = 57B3001E177AD9BC00775FC9 /* Build configuration list for PBXNativeTarget "JoinShow" */;
			buildPhases = (
				57B3FFE2177AD9BC00775FC9 /* Sources */,
				57B3FFE3177AD9BC00775FC9 /* Frameworks */,
				57B3FFE4177AD9BC00775FC9 /* Resources */,
			);
			buildRules = (
			);
			dependencies = (
			);
			name = JoinShow;
			productName = JoinShow;
			productReference = 57B3FFE6177AD9BC00775FC9 /* JoinShow.app */;
			productType = "com.apple.product-type.application";
		};
/* End PBXNativeTarget section */

/* Begin PBXProject section */
		57B3FFDE177AD9BC00775FC9 /* Project object */ = {
			isa = PBXProject;
			attributes = {
				LastUpgradeCheck = 0460;
				ORGANIZATIONNAME = Heaven;
			};
			buildConfigurationList = 57B3FFE1177AD9BC00775FC9 /* Build configuration list for PBXProject "JoinShow" */;
			compatibilityVersion = "Xcode 3.2";
			developmentRegion = English;
			hasScannedForEncodings = 0;
			knownRegions = (
				en,
			);
			mainGroup = 57B3FFDD177AD9BC00775FC9;
			productRefGroup = 57B3FFE7177AD9BC00775FC9 /* Products */;
			projectDirPath = "";
			projectRoot = "";
			targets = (
				57B3FFE5177AD9BC00775FC9 /* JoinShow */,
				57B3000B177AD9BC00775FC9 /* JoinShowTests */,
			);
		};
/* End PBXProject section */

/* Begin PBXResourcesBuildPhase section */
		57B30009177AD9BC00775FC9 /* Resources */ = {
			isa = PBXResourcesBuildPhase;
			buildActionMask = 2147483647;
			files = (
				57B30018177AD9BC00775FC9 /* InfoPlist.strings in Resources */,
			);
			runOnlyForDeploymentPostprocessing = 0;
		};
		57B3FFE4177AD9BC00775FC9 /* Resources */ = {
			isa = PBXResourcesBuildPhase;
			buildActionMask = 2147483647;
			files = (
				57B3FFF4177AD9BC00775FC9 /* InfoPlist.strings in Resources */,
				57B3FFFC177AD9BC00775FC9 /* Default.png in Resources */,
				57B3FFFE177AD9BC00775FC9 /* Default@2x.png in Resources */,
				57B30000177AD9BC00775FC9 /* Default-568h@2x.png in Resources */,
				57B30006177AD9BC00775FC9 /* ViewController.xib in Resources */,
				57525A6617AB9E3E0094D835 /* p3_b_0.png in Resources */,
				57525A6717AB9E3E0094D835 /* p3_b_1.png in Resources */,
				57525A6817AB9E3E0094D835 /* p3_b_10.png in Resources */,
				57525A6917AB9E3E0094D835 /* p3_b_11.png in Resources */,
				57525A6A17AB9E3E0094D835 /* p3_b_12.png in Resources */,
				57525A6B17AB9E3E0094D835 /* p3_b_13.png in Resources */,
				57525A6C17AB9E3E0094D835 /* p3_b_14.png in Resources */,
				57525A6D17AB9E3E0094D835 /* p3_b_15.png in Resources */,
				57525A6E17AB9E3E0094D835 /* p3_b_16.png in Resources */,
				57525A6F17AB9E3E0094D835 /* p3_b_17.png in Resources */,
				57525A7017AB9E3E0094D835 /* p3_b_18.png in Resources */,
				57525A7117AB9E3E0094D835 /* p3_b_19.png in Resources */,
				57525A7217AB9E3E0094D835 /* p3_b_2.png in Resources */,
				57525A7317AB9E3E0094D835 /* p3_b_20.png in Resources */,
				57525A7417AB9E3E0094D835 /* p3_b_21.png in Resources */,
				57525A7517AB9E3E0094D835 /* p3_b_22.png in Resources */,
				57525A7617AB9E3E0094D835 /* p3_b_23.png in Resources */,
				57525A7717AB9E3E0094D835 /* p3_b_3.png in Resources */,
				57525A7817AB9E3E0094D835 /* p3_b_4.png in Resources */,
				57525A7917AB9E3E0094D835 /* p3_b_5.png in Resources */,
				57525A7A17AB9E3E0094D835 /* p3_b_6.png in Resources */,
				57525A7B17AB9E3E0094D835 /* p3_b_7.png in Resources */,
				57525A7C17AB9E3E0094D835 /* p3_b_8.png in Resources */,
				57525A7D17AB9E3E0094D835 /* p3_b_9.png in Resources */,
				57525A9117ABB3910094D835 /* p1_a_0.png in Resources */,
				57525A9217ABB3910094D835 /* p1_a_1.png in Resources */,
				57525A9317ABB3910094D835 /* p1_a_10.png in Resources */,
				57525A9417ABB3910094D835 /* p1_a_11.png in Resources */,
				57525A9517ABB3910094D835 /* p1_a_12.png in Resources */,
				57525A9617ABB3910094D835 /* p1_a_13.png in Resources */,
				57525A9717ABB3910094D835 /* p1_a_14.png in Resources */,
				57525A9817ABB3910094D835 /* p1_a_15.png in Resources */,
				57525A9917ABB3910094D835 /* p1_a_16.png in Resources */,
				57525A9A17ABB3910094D835 /* p1_a_17.png in Resources */,
				57525A9B17ABB3910094D835 /* p1_a_2.png in Resources */,
				57525A9C17ABB3910094D835 /* p1_a_3.png in Resources */,
				57525A9D17ABB3910094D835 /* p1_a_4.png in Resources */,
				57525A9E17ABB3910094D835 /* p1_a_5.png in Resources */,
				57525A9F17ABB3910094D835 /* p1_a_6.png in Resources */,
				57525AA017ABB3910094D835 /* p1_a_7.png in Resources */,
				57525AA117ABB3910094D835 /* p1_a_8.png in Resources */,
				57525AA217ABB3910094D835 /* p1_a_9.png in Resources */,
				57E852E217B224E500C664F4 /* json2.json in Resources */,
			);
			runOnlyForDeploymentPostprocessing = 0;
		};
/* End PBXResourcesBuildPhase section */

/* Begin PBXShellScriptBuildPhase section */
		57B3000A177AD9BC00775FC9 /* ShellScript */ = {
			isa = PBXShellScriptBuildPhase;
			buildActionMask = 2147483647;
			files = (
			);
			inputPaths = (
			);
			outputPaths = (
			);
			runOnlyForDeploymentPostprocessing = 0;
			shellPath = /bin/sh;
			shellScript = "# Run the unit tests in this test bundle.\n\"${SYSTEM_DEVELOPER_DIR}/Tools/RunUnitTests\"\n";
		};
/* End PBXShellScriptBuildPhase section */

/* Begin PBXSourcesBuildPhase section */
		57B30007177AD9BC00775FC9 /* Sources */ = {
			isa = PBXSourcesBuildPhase;
			buildActionMask = 2147483647;
			files = (
				57B3001B177AD9BC00775FC9 /* JoinShowTests.m in Sources */,
				579ECE2117A8EF8A00687AF2 /* TestView.m in Sources */,
				579ECE2517A911B000687AF2 /* Test2View.m in Sources */,
			);
			runOnlyForDeploymentPostprocessing = 0;
		};
		57B3FFE2177AD9BC00775FC9 /* Sources */ = {
			isa = PBXSourcesBuildPhase;
			buildActionMask = 2147483647;
			files = (
				57B3FFF6177AD9BC00775FC9 /* main.m in Sources */,
				57B3FFFA177AD9BC00775FC9 /* AppDelegate.m in Sources */,
				57B30003177AD9BC00775FC9 /* ViewController.m in Sources */,
				579ECE2017A8EF8A00687AF2 /* TestView.m in Sources */,
				579ECE2417A911B000687AF2 /* Test2View.m in Sources */,
				57E852DD17B224CD00C664F4 /* BaseNSObject.m in Sources */,
				57E852DE17B224CD00C664F4 /* JSONKit.m in Sources */,
				57E852DF17B224CD00C664F4 /* NSData+IJson.m in Sources */,
				57E852E017B224CD00C664F4 /* NSString+IJson.m in Sources */,
				57E852F517B2271000C664F4 /* BookInfo.m in Sources */,
			);
			runOnlyForDeploymentPostprocessing = 0;
		};
/* End PBXSourcesBuildPhase section */

/* Begin PBXTargetDependency section */
		57B30012177AD9BC00775FC9 /* PBXTargetDependency */ = {
			isa = PBXTargetDependency;
			target = 57B3FFE5177AD9BC00775FC9 /* JoinShow */;
			targetProxy = 57B30011177AD9BC00775FC9 /* PBXContainerItemProxy */;
		};
/* End PBXTargetDependency section */

/* Begin PBXVariantGroup section */
		57B30004177AD9BC00775FC9 /* ViewController.xib */ = {
			isa = PBXVariantGroup;
			children = (
				57B30005177AD9BC00775FC9 /* en */,
			);
			name = ViewController.xib;
			sourceTree = "<group>";
		};
		57B30016177AD9BC00775FC9 /* InfoPlist.strings */ = {
			isa = PBXVariantGroup;
			children = (
				57B30017177AD9BC00775FC9 /* en */,
			);
			name = InfoPlist.strings;
			sourceTree = "<group>";
		};
		57B3FFF2177AD9BC00775FC9 /* InfoPlist.strings */ = {
			isa = PBXVariantGroup;
			children = (
				57B3FFF3177AD9BC00775FC9 /* en */,
			);
			name = InfoPlist.strings;
			sourceTree = "<group>";
		};
/* End PBXVariantGroup section */

/* Begin XCBuildConfiguration section */
		57B3001C177AD9BC00775FC9 /* Debug */ = {
			isa = XCBuildConfiguration;
			buildSettings = {
				ALWAYS_SEARCH_USER_PATHS = NO;
				CLANG_CXX_LANGUAGE_STANDARD = "gnu++0x";
				CLANG_CXX_LIBRARY = "libc++";
				CLANG_WARN_CONSTANT_CONVERSION = YES;
				CLANG_WARN_EMPTY_BODY = YES;
				CLANG_WARN_ENUM_CONVERSION = YES;
				CLANG_WARN_INT_CONVERSION = YES;
				CLANG_WARN__DUPLICATE_METHOD_MATCH = YES;
				"CODE_SIGN_IDENTITY[sdk=iphoneos*]" = "iPhone Developer";
				COPY_PHASE_STRIP = NO;
				GCC_C_LANGUAGE_STANDARD = gnu99;
				GCC_DYNAMIC_NO_PIC = NO;
				GCC_OPTIMIZATION_LEVEL = 0;
				GCC_PREPROCESSOR_DEFINITIONS = (
					"DEBUG=1",
					"$(inherited)",
				);
				GCC_SYMBOLS_PRIVATE_EXTERN = NO;
				GCC_WARN_ABOUT_RETURN_TYPE = YES;
				GCC_WARN_UNINITIALIZED_AUTOS = YES;
				GCC_WARN_UNUSED_VARIABLE = YES;
				IPHONEOS_DEPLOYMENT_TARGET = 6.1;
				ONLY_ACTIVE_ARCH = YES;
				PUBLIC_HEADERS_FOLDER_PATH = "$(TARGET_NAME)";
				SDKROOT = iphoneos;
				TARGETED_DEVICE_FAMILY = 2;
			};
			name = Debug;
		};
		57B3001D177AD9BC00775FC9 /* Release */ = {
			isa = XCBuildConfiguration;
			buildSettings = {
				ALWAYS_SEARCH_USER_PATHS = NO;
				CLANG_CXX_LANGUAGE_STANDARD = "gnu++0x";
				CLANG_CXX_LIBRARY = "libc++";
				CLANG_WARN_CONSTANT_CONVERSION = YES;
				CLANG_WARN_EMPTY_BODY = YES;
				CLANG_WARN_ENUM_CONVERSION = YES;
				CLANG_WARN_INT_CONVERSION = YES;
				CLANG_WARN__DUPLICATE_METHOD_MATCH = YES;
				"CODE_SIGN_IDENTITY[sdk=iphoneos*]" = "iPhone Developer";
				COPY_PHASE_STRIP = YES;
				GCC_C_LANGUAGE_STANDARD = gnu99;
				GCC_WARN_ABOUT_RETURN_TYPE = YES;
				GCC_WARN_UNINITIALIZED_AUTOS = YES;
				GCC_WARN_UNUSED_VARIABLE = YES;
				IPHONEOS_DEPLOYMENT_TARGET = 6.1;
				OTHER_CFLAGS = "-DNS_BLOCK_ASSERTIONS=1";
				PUBLIC_HEADERS_FOLDER_PATH = "$(TARGET_NAME)";
				SDKROOT = iphoneos;
				TARGETED_DEVICE_FAMILY = 2;
				VALIDATE_PRODUCT = YES;
			};
			name = Release;
		};
		57B3001F177AD9BC00775FC9 /* Debug */ = {
			isa = XCBuildConfiguration;
			buildSettings = {
				FRAMEWORK_SEARCH_PATHS = (
					"$(inherited)",
					"\"$(SRCROOT)\"",
					"\"$(SRCROOT)/../../../..\"",
					"\"$(SRCROOT)/Test.embeddedframework\"",
					"\"$(SRCROOT)/../../../../../Library/Developer/Xcode/DerivedData/Untitled-dkndkneniqhjqxguxeuaptlqxlcc/Build/Products/Debug-iphoneos\"",
				);
				GCC_PRECOMPILE_PREFIX_HEADER = YES;
				GCC_PREFIX_HEADER = "JoinShow/JoinShow-Prefix.pch";
				INFOPLIST_FILE = "JoinShow/JoinShow-Info.plist";
				LIBRARY_SEARCH_PATHS = (
					"$(inherited)",
					"\"$(SRCROOT)/../XYQuickDevelop/External/Utilities/UMAnalytics_Sdk_2.2.0.OpenUDID\"",
				);
				OTHER_LDFLAGS = "-ObjC";
				PRODUCT_NAME = "$(TARGET_NAME)";
				WRAPPER_EXTENSION = app;
			};
			name = Debug;
		};
		57B30020177AD9BC00775FC9 /* Release */ = {
			isa = XCBuildConfiguration;
			buildSettings = {
				FRAMEWORK_SEARCH_PATHS = (
					"$(inherited)",
					"\"$(SRCROOT)\"",
					"\"$(SRCROOT)/../../../..\"",
					"\"$(SRCROOT)/Test.embeddedframework\"",
					"\"$(SRCROOT)/../../../../../Library/Developer/Xcode/DerivedData/Untitled-dkndkneniqhjqxguxeuaptlqxlcc/Build/Products/Debug-iphoneos\"",
				);
				GCC_PRECOMPILE_PREFIX_HEADER = YES;
				GCC_PREFIX_HEADER = "JoinShow/JoinShow-Prefix.pch";
				INFOPLIST_FILE = "JoinShow/JoinShow-Info.plist";
				LIBRARY_SEARCH_PATHS = (
					"$(inherited)",
					"\"$(SRCROOT)/../XYQuickDevelop/External/Utilities/UMAnalytics_Sdk_2.2.0.OpenUDID\"",
				);
				OTHER_LDFLAGS = "-ObjC";
				PRODUCT_NAME = "$(TARGET_NAME)";
				WRAPPER_EXTENSION = app;
			};
			name = Release;
		};
		57B30022177AD9BC00775FC9 /* Debug */ = {
			isa = XCBuildConfiguration;
			buildSettings = {
				BUNDLE_LOADER = "$(BUILT_PRODUCTS_DIR)/JoinShow.app/JoinShow";
				FRAMEWORK_SEARCH_PATHS = (
					"\"$(SDKROOT)/Developer/Library/Frameworks\"",
					"\"$(DEVELOPER_LIBRARY_DIR)/Frameworks\"",
				);
				GCC_PRECOMPILE_PREFIX_HEADER = YES;
				GCC_PREFIX_HEADER = "JoinShow/JoinShow-Prefix.pch";
				INFOPLIST_FILE = "JoinShowTests/JoinShowTests-Info.plist";
				PRODUCT_NAME = "$(TARGET_NAME)";
				TEST_HOST = "$(BUNDLE_LOADER)";
				WRAPPER_EXTENSION = octest;
			};
			name = Debug;
		};
		57B30023177AD9BC00775FC9 /* Release */ = {
			isa = XCBuildConfiguration;
			buildSettings = {
				BUNDLE_LOADER = "$(BUILT_PRODUCTS_DIR)/JoinShow.app/JoinShow";
				FRAMEWORK_SEARCH_PATHS = (
					"\"$(SDKROOT)/Developer/Library/Frameworks\"",
					"\"$(DEVELOPER_LIBRARY_DIR)/Frameworks\"",
				);
				GCC_PRECOMPILE_PREFIX_HEADER = YES;
				GCC_PREFIX_HEADER = "JoinShow/JoinShow-Prefix.pch";
				INFOPLIST_FILE = "JoinShowTests/JoinShowTests-Info.plist";
				PRODUCT_NAME = "$(TARGET_NAME)";
				TEST_HOST = "$(BUNDLE_LOADER)";
				WRAPPER_EXTENSION = octest;
			};
			name = Release;
		};
/* End XCBuildConfiguration section */

/* Begin XCConfigurationList section */
		57B3001E177AD9BC00775FC9 /* Build configuration list for PBXNativeTarget "JoinShow" */ = {
			isa = XCConfigurationList;
			buildConfigurations = (
				57B3001F177AD9BC00775FC9 /* Debug */,
				57B30020177AD9BC00775FC9 /* Release */,
			);
			defaultConfigurationIsVisible = 0;
			defaultConfigurationName = Release;
		};
		57B30021177AD9BC00775FC9 /* Build configuration list for PBXNativeTarget "JoinShowTests" */ = {
			isa = XCConfigurationList;
			buildConfigurations = (
				57B30022177AD9BC00775FC9 /* Debug */,
				57B30023177AD9BC00775FC9 /* Release */,
			);
			defaultConfigurationIsVisible = 0;
			defaultConfigurationName = Release;
		};
		57B3FFE1177AD9BC00775FC9 /* Build configuration list for PBXProject "JoinShow" */ = {
			isa = XCConfigurationList;
			buildConfigurations = (
				57B3001C177AD9BC00775FC9 /* Debug */,
				57B3001D177AD9BC00775FC9 /* Release */,
			);
			defaultConfigurationIsVisible = 0;
			defaultConfigurationName = Release;
		};
/* End XCConfigurationList section */
	};
	rootObject = 57B3FFDE177AD9BC00775FC9 /* Project object */;
}
