// !$*UTF8*$!
{
	archiveVersion = 1;
	classes = {
	};
	objectVersion = 46;
	objects = {

/* Begin PBXBuildFile section */
		57525A4517AB7DEA0094D835 /* QuartzCore.framework in Frameworks */ = {isa = PBXBuildFile; fileRef = 57525A4417AB7DEA0094D835 /* QuartzCore.framework */; };
		57525A6617AB9E3E0094D835 /* p3_b_0.png in Resources */ = {isa = PBXBuildFile; fileRef = 57525A4E17AB9E3E0094D835 /* p3_b_0.png */; };
		57525A6717AB9E3E0094D835 /* p3_b_1.png in Resources */ = {isa = PBXBuildFile; fileRef = 57525A4F17AB9E3E0094D835 /* p3_b_1.png */; };
		57525A6817AB9E3E0094D835 /* p3_b_10.png in Resources */ = {isa = PBXBuildFile; fileRef = 57525A5017AB9E3E0094D835 /* p3_b_10.png */; };
		57525A6917AB9E3E0094D835 /* p3_b_11.png in Resources */ = {isa = PBXBuildFile; fileRef = 57525A5117AB9E3E0094D835 /* p3_b_11.png */; };
		57525A6A17AB9E3E0094D835 /* p3_b_12.png in Resources */ = {isa = PBXBuildFile; fileRef = 57525A5217AB9E3E0094D835 /* p3_b_12.png */; };
		57525A6B17AB9E3E0094D835 /* p3_b_13.png in Resources */ = {isa = PBXBuildFile; fileRef = 57525A5317AB9E3E0094D835 /* p3_b_13.png */; };
		57525A6C17AB9E3E0094D835 /* p3_b_14.png in Resources */ = {isa = PBXBuildFile; fileRef = 57525A5417AB9E3E0094D835 /* p3_b_14.png */; };
		57525A6D17AB9E3E0094D835 /* p3_b_15.png in Resources */ = {isa = PBXBuildFile; fileRef = 57525A5517AB9E3E0094D835 /* p3_b_15.png */; };
		57525A6E17AB9E3E0094D835 /* p3_b_16.png in Resources */ = {isa = PBXBuildFile; fileRef = 57525A5617AB9E3E0094D835 /* p3_b_16.png */; };
		57525A6F17AB9E3E0094D835 /* p3_b_17.png in Resources */ = {isa = PBXBuildFile; fileRef = 57525A5717AB9E3E0094D835 /* p3_b_17.png */; };
		57525A7017AB9E3E0094D835 /* p3_b_18.png in Resources */ = {isa = PBXBuildFile; fileRef = 57525A5817AB9E3E0094D835 /* p3_b_18.png */; };
		57525A7117AB9E3E0094D835 /* p3_b_19.png in Resources */ = {isa = PBXBuildFile; fileRef = 57525A5917AB9E3E0094D835 /* p3_b_19.png */; };
		57525A7217AB9E3E0094D835 /* p3_b_2.png in Resources */ = {isa = PBXBuildFile; fileRef = 57525A5A17AB9E3E0094D835 /* p3_b_2.png */; };
		57525A7317AB9E3E0094D835 /* p3_b_20.png in Resources */ = {isa = PBXBuildFile; fileRef = 57525A5B17AB9E3E0094D835 /* p3_b_20.png */; };
		57525A7417AB9E3E0094D835 /* p3_b_21.png in Resources */ = {isa = PBXBuildFile; fileRef = 57525A5C17AB9E3E0094D835 /* p3_b_21.png */; };
		57525A7517AB9E3E0094D835 /* p3_b_22.png in Resources */ = {isa = PBXBuildFile; fileRef = 57525A5D17AB9E3E0094D835 /* p3_b_22.png */; };
		57525A7617AB9E3E0094D835 /* p3_b_23.png in Resources */ = {isa = PBXBuildFile; fileRef = 57525A5E17AB9E3E0094D835 /* p3_b_23.png */; };
		57525A7717AB9E3E0094D835 /* p3_b_3.png in Resources */ = {isa = PBXBuildFile; fileRef = 57525A5F17AB9E3E0094D835 /* p3_b_3.png */; };
		57525A7817AB9E3E0094D835 /* p3_b_4.png in Resources */ = {isa = PBXBuildFile; fileRef = 57525A6017AB9E3E0094D835 /* p3_b_4.png */; };
		57525A7917AB9E3E0094D835 /* p3_b_5.png in Resources */ = {isa = PBXBuildFile; fileRef = 57525A6117AB9E3E0094D835 /* p3_b_5.png */; };
		57525A7A17AB9E3E0094D835 /* p3_b_6.png in Resources */ = {isa = PBXBuildFile; fileRef = 57525A6217AB9E3E0094D835 /* p3_b_6.png */; };
		57525A7B17AB9E3E0094D835 /* p3_b_7.png in Resources */ = {isa = PBXBuildFile; fileRef = 57525A6317AB9E3E0094D835 /* p3_b_7.png */; };
		57525A7C17AB9E3E0094D835 /* p3_b_8.png in Resources */ = {isa = PBXBuildFile; fileRef = 57525A6417AB9E3E0094D835 /* p3_b_8.png */; };
		57525A7D17AB9E3E0094D835 /* p3_b_9.png in Resources */ = {isa = PBXBuildFile; fileRef = 57525A6517AB9E3E0094D835 /* p3_b_9.png */; };
		57525A9117ABB3910094D835 /* p1_a_0.png in Resources */ = {isa = PBXBuildFile; fileRef = 57525A7F17ABB3910094D835 /* p1_a_0.png */; };
		57525A9217ABB3910094D835 /* p1_a_1.png in Resources */ = {isa = PBXBuildFile; fileRef = 57525A8017ABB3910094D835 /* p1_a_1.png */; };
		57525A9317ABB3910094D835 /* p1_a_10.png in Resources */ = {isa = PBXBuildFile; fileRef = 57525A8117ABB3910094D835 /* p1_a_10.png */; };
		57525A9417ABB3910094D835 /* p1_a_11.png in Resources */ = {isa = PBXBuildFile; fileRef = 57525A8217ABB3910094D835 /* p1_a_11.png */; };
		57525A9517ABB3910094D835 /* p1_a_12.png in Resources */ = {isa = PBXBuildFile; fileRef = 57525A8317ABB3910094D835 /* p1_a_12.png */; };
		57525A9617ABB3910094D835 /* p1_a_13.png in Resources */ = {isa = PBXBuildFile; fileRef = 57525A8417ABB3910094D835 /* p1_a_13.png */; };
		57525A9717ABB3910094D835 /* p1_a_14.png in Resources */ = {isa = PBXBuildFile; fileRef = 57525A8517ABB3910094D835 /* p1_a_14.png */; };
		57525A9817ABB3910094D835 /* p1_a_15.png in Resources */ = {isa = PBXBuildFile; fileRef = 57525A8617ABB3910094D835 /* p1_a_15.png */; };
		57525A9917ABB3910094D835 /* p1_a_16.png in Resources */ = {isa = PBXBuildFile; fileRef = 57525A8717ABB3910094D835 /* p1_a_16.png */; };
		57525A9A17ABB3910094D835 /* p1_a_17.png in Resources */ = {isa = PBXBuildFile; fileRef = 57525A8817ABB3910094D835 /* p1_a_17.png */; };
		57525A9B17ABB3910094D835 /* p1_a_2.png in Resources */ = {isa = PBXBuildFile; fileRef = 57525A8917ABB3910094D835 /* p1_a_2.png */; };
		57525A9C17ABB3910094D835 /* p1_a_3.png in Resources */ = {isa = PBXBuildFile; fileRef = 57525A8A17ABB3910094D835 /* p1_a_3.png */; };
		57525A9D17ABB3910094D835 /* p1_a_4.png in Resources */ = {isa = PBXBuildFile; fileRef = 57525A8B17ABB3910094D835 /* p1_a_4.png */; };
		57525A9E17ABB3910094D835 /* p1_a_5.png in Resources */ = {isa = PBXBuildFile; fileRef = 57525A8C17ABB3910094D835 /* p1_a_5.png */; };
		57525A9F17ABB3910094D835 /* p1_a_6.png in Resources */ = {isa = PBXBuildFile; fileRef = 57525A8D17ABB3910094D835 /* p1_a_6.png */; };
		57525AA017ABB3910094D835 /* p1_a_7.png in Resources */ = {isa = PBXBuildFile; fileRef = 57525A8E17ABB3910094D835 /* p1_a_7.png */; };
		57525AA117ABB3910094D835 /* p1_a_8.png in Resources */ = {isa = PBXBuildFile; fileRef = 57525A8F17ABB3910094D835 /* p1_a_8.png */; };
		57525AA217ABB3910094D835 /* p1_a_9.png in Resources */ = {isa = PBXBuildFile; fileRef = 57525A9017ABB3910094D835 /* p1_a_9.png */; };
		579ECE1D17A8E90B00687AF2 /* CoreText.framework in Frameworks */ = {isa = PBXBuildFile; fileRef = 579ECE1C17A8E90B00687AF2 /* CoreText.framework */; };
		579ECE2017A8EF8A00687AF2 /* TestView.m in Sources */ = {isa = PBXBuildFile; fileRef = 579ECE1F17A8EF8900687AF2 /* TestView.m */; };
		579ECE2117A8EF8A00687AF2 /* TestView.m in Sources */ = {isa = PBXBuildFile; fileRef = 579ECE1F17A8EF8900687AF2 /* TestView.m */; };
		579ECE2417A911B000687AF2 /* Test2View.m in Sources */ = {isa = PBXBuildFile; fileRef = 579ECE2317A911AF00687AF2 /* Test2View.m */; };
		579ECE2517A911B000687AF2 /* Test2View.m in Sources */ = {isa = PBXBuildFile; fileRef = 579ECE2317A911AF00687AF2 /* Test2View.m */; };
		57B30000177AD9BC00775FC9 /* Default-568h@2x.png in Resources */ = {isa = PBXBuildFile; fileRef = 57B3FFFF177AD9BC00775FC9 /* Default-568h@2x.png */; };
		57B30003177AD9BC00775FC9 /* ViewController.m in Sources */ = {isa = PBXBuildFile; fileRef = 57B30002177AD9BC00775FC9 /* ViewController.m */; };
		57B30006177AD9BC00775FC9 /* ViewController.xib in Resources */ = {isa = PBXBuildFile; fileRef = 57B30004177AD9BC00775FC9 /* ViewController.xib */; };
		57B3000E177AD9BC00775FC9 /* SenTestingKit.framework in Frameworks */ = {isa = PBXBuildFile; fileRef = 57B3000D177AD9BC00775FC9 /* SenTestingKit.framework */; };
		57B3000F177AD9BC00775FC9 /* UIKit.framework in Frameworks */ = {isa = PBXBuildFile; fileRef = 57B3FFE9177AD9BC00775FC9 /* UIKit.framework */; };
		57B30010177AD9BC00775FC9 /* Foundation.framework in Frameworks */ = {isa = PBXBuildFile; fileRef = 57B3FFEB177AD9BC00775FC9 /* Foundation.framework */; };
		57B30018177AD9BC00775FC9 /* InfoPlist.strings in Resources */ = {isa = PBXBuildFile; fileRef = 57B30016177AD9BC00775FC9 /* InfoPlist.strings */; };
		57B3001B177AD9BC00775FC9 /* JoinShowTests.m in Sources */ = {isa = PBXBuildFile; fileRef = 57B3001A177AD9BC00775FC9 /* JoinShowTests.m */; };
		57B3FFEA177AD9BC00775FC9 /* UIKit.framework in Frameworks */ = {isa = PBXBuildFile; fileRef = 57B3FFE9177AD9BC00775FC9 /* UIKit.framework */; };
		57B3FFEC177AD9BC00775FC9 /* Foundation.framework in Frameworks */ = {isa = PBXBuildFile; fileRef = 57B3FFEB177AD9BC00775FC9 /* Foundation.framework */; };
		57B3FFEE177AD9BC00775FC9 /* CoreGraphics.framework in Frameworks */ = {isa = PBXBuildFile; fileRef = 57B3FFED177AD9BC00775FC9 /* CoreGraphics.framework */; };
		57B3FFF4177AD9BC00775FC9 /* InfoPlist.strings in Resources */ = {isa = PBXBuildFile; fileRef = 57B3FFF2177AD9BC00775FC9 /* InfoPlist.strings */; };
		57B3FFF6177AD9BC00775FC9 /* main.m in Sources */ = {isa = PBXBuildFile; fileRef = 57B3FFF5177AD9BC00775FC9 /* main.m */; };
		57B3FFFA177AD9BC00775FC9 /* AppDelegate.m in Sources */ = {isa = PBXBuildFile; fileRef = 57B3FFF9177AD9BC00775FC9 /* AppDelegate.m */; };
		57B3FFFC177AD9BC00775FC9 /* Default.png in Resources */ = {isa = PBXBuildFile; fileRef = 57B3FFFB177AD9BC00775FC9 /* Default.png */; };
		57B3FFFE177AD9BC00775FC9 /* Default@2x.png in Resources */ = {isa = PBXBuildFile; fileRef = 57B3FFFD177AD9BC00775FC9 /* Default@2x.png */; };
		57BE89B917AA525200FCD864 /* AVFoundation.framework in Frameworks */ = {isa = PBXBuildFile; fileRef = 57BE89B817AA525200FCD864 /* AVFoundation.framework */; };
		57BE89BB17AA52E700FCD864 /* AudioToolbox.framework in Frameworks */ = {isa = PBXBuildFile; fileRef = 57BE89BA17AA52E700FCD864 /* AudioToolbox.framework */; };
		57BE89BD17AA531200FCD864 /* OpenAL.framework in Frameworks */ = {isa = PBXBuildFile; fileRef = 57BE89BC17AA531100FCD864 /* OpenAL.framework */; };
		57E852B717B1F58D00C664F4 /* NSObject+XY.m in Sources */ = {isa = PBXBuildFile; fileRef = 57E8527A17B1F58D00C664F4 /* NSObject+XY.m */; };
		57E852B817B1F58D00C664F4 /* UIView+XY.m in Sources */ = {isa = PBXBuildFile; fileRef = 57E8527C17B1F58D00C664F4 /* UIView+XY.m */; };
		57E852B917B1F58D00C664F4 /* BUIControl.m in Sources */ = {isa = PBXBuildFile; fileRef = 57E8528317B1F58D00C664F4 /* BUIControl.m */; };
		57E852BA17B1F58D00C664F4 /* BUIView.m in Sources */ = {isa = PBXBuildFile; fileRef = 57E8528517B1F58D00C664F4 /* BUIView.m */; };
		57E852BB17B1F58D00C664F4 /* MBProgressHUD.m in Sources */ = {isa = PBXBuildFile; fileRef = 57E8528817B1F58D00C664F4 /* MBProgressHUD.m */; };
		57E852BC17B1F58D00C664F4 /* RTLabel.m in Sources */ = {isa = PBXBuildFile; fileRef = 57E8528B17B1F58D00C664F4 /* RTLabel.m */; };
		57E852BD17B1F58D00C664F4 /* CDAudioManager.m in Sources */ = {isa = PBXBuildFile; fileRef = 57E8528F17B1F58D00C664F4 /* CDAudioManager.m */; };
		57E852BE17B1F58D00C664F4 /* CDOpenALSupport.m in Sources */ = {isa = PBXBuildFile; fileRef = 57E8529217B1F58D00C664F4 /* CDOpenALSupport.m */; };
		57E852BF17B1F58D00C664F4 /* CocosDenshion.m in Sources */ = {isa = PBXBuildFile; fileRef = 57E8529417B1F58D00C664F4 /* CocosDenshion.m */; };
		57E852C017B1F58D00C664F4 /* SimpleAudioEngine.m in Sources */ = {isa = PBXBuildFile; fileRef = 57E8529617B1F58D00C664F4 /* SimpleAudioEngine.m */; };
		57E852C117B1F58D00C664F4 /* OpenUDID.m in Sources */ = {isa = PBXBuildFile; fileRef = 57E8529917B1F58D00C664F4 /* OpenUDID.m */; };
		57E852C217B1F58D00C664F4 /* SDDataCacheManager.m in Sources */ = {isa = PBXBuildFile; fileRef = 57E8529C17B1F58D00C664F4 /* SDDataCacheManager.m */; };
		57E852C317B1F58D00C664F4 /* SDImageView+SDWebCache.m in Sources */ = {isa = PBXBuildFile; fileRef = 57E8529E17B1F58D00C664F4 /* SDImageView+SDWebCache.m */; };
		57E852C417B1F58D00C664F4 /* SDNetworkActivityIndicator.m in Sources */ = {isa = PBXBuildFile; fileRef = 57E852A017B1F58D00C664F4 /* SDNetworkActivityIndicator.m */; };
		57E852C517B1F58D00C664F4 /* SDWebDataDownloader.m in Sources */ = {isa = PBXBuildFile; fileRef = 57E852A217B1F58D00C664F4 /* SDWebDataDownloader.m */; };
		57E852C617B1F58D00C664F4 /* SDWebDataManager.m in Sources */ = {isa = PBXBuildFile; fileRef = 57E852A417B1F58D00C664F4 /* SDWebDataManager.m */; };
		57E852C717B1F58E00C664F4 /* XYFunction.m in Sources */ = {isa = PBXBuildFile; fileRef = 57E852AA17B1F58D00C664F4 /* XYFunction.m */; };
		57E852C817B1F58E00C664F4 /* XYThread.m in Sources */ = {isa = PBXBuildFile; fileRef = 57E852AC17B1F58D00C664F4 /* XYThread.m */; };
		57E852C917B1F58E00C664F4 /* XYAnimationView.m in Sources */ = {isa = PBXBuildFile; fileRef = 57E852AF17B1F58D00C664F4 /* XYAnimationView.m */; };
		57E852CA17B1F58E00C664F4 /* XYSpriteManager.m in Sources */ = {isa = PBXBuildFile; fileRef = 57E852B117B1F58D00C664F4 /* XYSpriteManager.m */; };
		57E852CB17B1F58E00C664F4 /* XYSpriteView.m in Sources */ = {isa = PBXBuildFile; fileRef = 57E852B317B1F58D00C664F4 /* XYSpriteView.m */; };
		57E852CE17B1F64300C664F4 /* StatisticsManager.m in Sources */ = {isa = PBXBuildFile; fileRef = 57E852CD17B1F64300C664F4 /* StatisticsManager.m */; };
		57E852D217B1FD5200C664F4 /* libMobClickLibrary.a in Frameworks */ = {isa = PBXBuildFile; fileRef = 57E852D017B1FD5200C664F4 /* libMobClickLibrary.a */; };
/* End PBXBuildFile section */

/* Begin PBXContainerItemProxy section */
		57B30011177AD9BC00775FC9 /* PBXContainerItemProxy */ = {
			isa = PBXContainerItemProxy;
			containerPortal = 57B3FFDE177AD9BC00775FC9 /* Project object */;
			proxyType = 1;
			remoteGlobalIDString = 57B3FFE5177AD9BC00775FC9;
			remoteInfo = JoinShow;
		};
/* End PBXContainerItemProxy section */

/* Begin PBXFileReference section */
		57525A4417AB7DEA0094D835 /* QuartzCore.framework */ = {isa = PBXFileReference; lastKnownFileType = wrapper.framework; name = QuartzCore.framework; path = System/Library/Frameworks/QuartzCore.framework; sourceTree = SDKROOT; };
		57525A4E17AB9E3E0094D835 /* p3_b_0.png */ = {isa = PBXFileReference; lastKnownFileType = image.png; path = p3_b_0.png; sourceTree = "<group>"; };
		57525A4F17AB9E3E0094D835 /* p3_b_1.png */ = {isa = PBXFileReference; lastKnownFileType = image.png; path = p3_b_1.png; sourceTree = "<group>"; };
		57525A5017AB9E3E0094D835 /* p3_b_10.png */ = {isa = PBXFileReference; lastKnownFileType = image.png; path = p3_b_10.png; sourceTree = "<group>"; };
		57525A5117AB9E3E0094D835 /* p3_b_11.png */ = {isa = PBXFileReference; lastKnownFileType = image.png; path = p3_b_11.png; sourceTree = "<group>"; };
		57525A5217AB9E3E0094D835 /* p3_b_12.png */ = {isa = PBXFileReference; lastKnownFileType = image.png; path = p3_b_12.png; sourceTree = "<group>"; };
		57525A5317AB9E3E0094D835 /* p3_b_13.png */ = {isa = PBXFileReference; lastKnownFileType = image.png; path = p3_b_13.png; sourceTree = "<group>"; };
		57525A5417AB9E3E0094D835 /* p3_b_14.png */ = {isa = PBXFileReference; lastKnownFileType = image.png; path = p3_b_14.png; sourceTree = "<group>"; };
		57525A5517AB9E3E0094D835 /* p3_b_15.png */ = {isa = PBXFileReference; lastKnownFileType = image.png; path = p3_b_15.png; sourceTree = "<group>"; };
		57525A5617AB9E3E0094D835 /* p3_b_16.png */ = {isa = PBXFileReference; lastKnownFileType = image.png; path = p3_b_16.png; sourceTree = "<group>"; };
		57525A5717AB9E3E0094D835 /* p3_b_17.png */ = {isa = PBXFileReference; lastKnownFileType = image.png; path = p3_b_17.png; sourceTree = "<group>"; };
		57525A5817AB9E3E0094D835 /* p3_b_18.png */ = {isa = PBXFileReference; lastKnownFileType = image.png; path = p3_b_18.png; sourceTree = "<group>"; };
		57525A5917AB9E3E0094D835 /* p3_b_19.png */ = {isa = PBXFileReference; lastKnownFileType = image.png; path = p3_b_19.png; sourceTree = "<group>"; };
		57525A5A17AB9E3E0094D835 /* p3_b_2.png */ = {isa = PBXFileReference; lastKnownFileType = image.png; path = p3_b_2.png; sourceTree = "<group>"; };
		57525A5B17AB9E3E0094D835 /* p3_b_20.png */ = {isa = PBXFileReference; lastKnownFileType = image.png; path = p3_b_20.png; sourceTree = "<group>"; };
		57525A5C17AB9E3E0094D835 /* p3_b_21.png */ = {isa = PBXFileReference; lastKnownFileType = image.png; path = p3_b_21.png; sourceTree = "<group>"; };
		57525A5D17AB9E3E0094D835 /* p3_b_22.png */ = {isa = PBXFileReference; lastKnownFileType = image.png; path = p3_b_22.png; sourceTree = "<group>"; };
		57525A5E17AB9E3E0094D835 /* p3_b_23.png */ = {isa = PBXFileReference; lastKnownFileType = image.png; path = p3_b_23.png; sourceTree = "<group>"; };
		57525A5F17AB9E3E0094D835 /* p3_b_3.png */ = {isa = PBXFileReference; lastKnownFileType = image.png; path = p3_b_3.png; sourceTree = "<group>"; };
		57525A6017AB9E3E0094D835 /* p3_b_4.png */ = {isa = PBXFileReference; lastKnownFileType = image.png; path = p3_b_4.png; sourceTree = "<group>"; };
		57525A6117AB9E3E0094D835 /* p3_b_5.png */ = {isa = PBXFileReference; lastKnownFileType = image.png; path = p3_b_5.png; sourceTree = "<group>"; };
		57525A6217AB9E3E0094D835 /* p3_b_6.png */ = {isa = PBXFileReference; lastKnownFileType = image.png; path = p3_b_6.png; sourceTree = "<group>"; };
		57525A6317AB9E3E0094D835 /* p3_b_7.png */ = {isa = PBXFileReference; lastKnownFileType = image.png; path = p3_b_7.png; sourceTree = "<group>"; };
		57525A6417AB9E3E0094D835 /* p3_b_8.png */ = {isa = PBXFileReference; lastKnownFileType = image.png; path = p3_b_8.png; sourceTree = "<group>"; };
		57525A6517AB9E3E0094D835 /* p3_b_9.png */ = {isa = PBXFileReference; lastKnownFileType = image.png; path = p3_b_9.png; sourceTree = "<group>"; };
		57525A7F17ABB3910094D835 /* p1_a_0.png */ = {isa = PBXFileReference; lastKnownFileType = image.png; path = p1_a_0.png; sourceTree = "<group>"; };
		57525A8017ABB3910094D835 /* p1_a_1.png */ = {isa = PBXFileReference; lastKnownFileType = image.png; path = p1_a_1.png; sourceTree = "<group>"; };
		57525A8117ABB3910094D835 /* p1_a_10.png */ = {isa = PBXFileReference; lastKnownFileType = image.png; path = p1_a_10.png; sourceTree = "<group>"; };
		57525A8217ABB3910094D835 /* p1_a_11.png */ = {isa = PBXFileReference; lastKnownFileType = image.png; path = p1_a_11.png; sourceTree = "<group>"; };
		57525A8317ABB3910094D835 /* p1_a_12.png */ = {isa = PBXFileReference; lastKnownFileType = image.png; path = p1_a_12.png; sourceTree = "<group>"; };
		57525A8417ABB3910094D835 /* p1_a_13.png */ = {isa = PBXFileReference; lastKnownFileType = image.png; path = p1_a_13.png; sourceTree = "<group>"; };
		57525A8517ABB3910094D835 /* p1_a_14.png */ = {isa = PBXFileReference; lastKnownFileType = image.png; path = p1_a_14.png; sourceTree = "<group>"; };
		57525A8617ABB3910094D835 /* p1_a_15.png */ = {isa = PBXFileReference; lastKnownFileType = image.png; path = p1_a_15.png; sourceTree = "<group>"; };
		57525A8717ABB3910094D835 /* p1_a_16.png */ = {isa = PBXFileReference; lastKnownFileType = image.png; path = p1_a_16.png; sourceTree = "<group>"; };
		57525A8817ABB3910094D835 /* p1_a_17.png */ = {isa = PBXFileReference; lastKnownFileType = image.png; path = p1_a_17.png; sourceTree = "<group>"; };
		57525A8917ABB3910094D835 /* p1_a_2.png */ = {isa = PBXFileReference; lastKnownFileType = image.png; path = p1_a_2.png; sourceTree = "<group>"; };
		57525A8A17ABB3910094D835 /* p1_a_3.png */ = {isa = PBXFileReference; lastKnownFileType = image.png; path = p1_a_3.png; sourceTree = "<group>"; };
		57525A8B17ABB3910094D835 /* p1_a_4.png */ = {isa = PBXFileReference; lastKnownFileType = image.png; path = p1_a_4.png; sourceTree = "<group>"; };
		57525A8C17ABB3910094D835 /* p1_a_5.png */ = {isa = PBXFileReference; lastKnownFileType = image.png; path = p1_a_5.png; sourceTree = "<group>"; };
		57525A8D17ABB3910094D835 /* p1_a_6.png */ = {isa = PBXFileReference; lastKnownFileType = image.png; path = p1_a_6.png; sourceTree = "<group>"; };
		57525A8E17ABB3910094D835 /* p1_a_7.png */ = {isa = PBXFileReference; lastKnownFileType = image.png; path = p1_a_7.png; sourceTree = "<group>"; };
		57525A8F17ABB3910094D835 /* p1_a_8.png */ = {isa = PBXFileReference; lastKnownFileType = image.png; path = p1_a_8.png; sourceTree = "<group>"; };
		57525A9017ABB3910094D835 /* p1_a_9.png */ = {isa = PBXFileReference; lastKnownFileType = image.png; path = p1_a_9.png; sourceTree = "<group>"; };
		579ECE1C17A8E90B00687AF2 /* CoreText.framework */ = {isa = PBXFileReference; lastKnownFileType = wrapper.framework; name = CoreText.framework; path = System/Library/Frameworks/CoreText.framework; sourceTree = SDKROOT; };
		579ECE1E17A8EF8900687AF2 /* TestView.h */ = {isa = PBXFileReference; fileEncoding = 4; lastKnownFileType = sourcecode.c.h; path = TestView.h; sourceTree = "<group>"; };
		579ECE1F17A8EF8900687AF2 /* TestView.m */ = {isa = PBXFileReference; fileEncoding = 4; lastKnownFileType = sourcecode.c.objc; path = TestView.m; sourceTree = "<group>"; };
		579ECE2217A911AF00687AF2 /* Test2View.h */ = {isa = PBXFileReference; fileEncoding = 4; lastKnownFileType = sourcecode.c.h; path = Test2View.h; sourceTree = "<group>"; };
		579ECE2317A911AF00687AF2 /* Test2View.m */ = {isa = PBXFileReference; fileEncoding = 4; lastKnownFileType = sourcecode.c.objc; path = Test2View.m; sourceTree = "<group>"; };
		57B30001177AD9BC00775FC9 /* ViewController.h */ = {isa = PBXFileReference; lastKnownFileType = sourcecode.c.h; path = ViewController.h; sourceTree = "<group>"; };
		57B30002177AD9BC00775FC9 /* ViewController.m */ = {isa = PBXFileReference; lastKnownFileType = sourcecode.c.objc; path = ViewController.m; sourceTree = "<group>"; };
		57B30005177AD9BC00775FC9 /* en */ = {isa = PBXFileReference; lastKnownFileType = file.xib; name = en; path = en.lproj/ViewController.xib; sourceTree = "<group>"; };
		57B3000C177AD9BC00775FC9 /* JoinShowTests.octest */ = {isa = PBXFileReference; explicitFileType = wrapper.cfbundle; includeInIndex = 0; path = JoinShowTests.octest; sourceTree = BUILT_PRODUCTS_DIR; };
		57B3000D177AD9BC00775FC9 /* SenTestingKit.framework */ = {isa = PBXFileReference; lastKnownFileType = wrapper.framework; name = SenTestingKit.framework; path = Library/Frameworks/SenTestingKit.framework; sourceTree = DEVELOPER_DIR; };
		57B30015177AD9BC00775FC9 /* JoinShowTests-Info.plist */ = {isa = PBXFileReference; lastKnownFileType = text.plist.xml; path = "JoinShowTests-Info.plist"; sourceTree = "<group>"; };
		57B30017177AD9BC00775FC9 /* en */ = {isa = PBXFileReference; lastKnownFileType = text.plist.strings; name = en; path = en.lproj/InfoPlist.strings; sourceTree = "<group>"; };
		57B30019177AD9BC00775FC9 /* JoinShowTests.h */ = {isa = PBXFileReference; lastKnownFileType = sourcecode.c.h; path = JoinShowTests.h; sourceTree = "<group>"; };
		57B3001A177AD9BC00775FC9 /* JoinShowTests.m */ = {isa = PBXFileReference; lastKnownFileType = sourcecode.c.objc; path = JoinShowTests.m; sourceTree = "<group>"; };
		57B3FFE6177AD9BC00775FC9 /* JoinShow.app */ = {isa = PBXFileReference; explicitFileType = wrapper.application; includeInIndex = 0; path = JoinShow.app; sourceTree = BUILT_PRODUCTS_DIR; };
		57B3FFE9177AD9BC00775FC9 /* UIKit.framework */ = {isa = PBXFileReference; lastKnownFileType = wrapper.framework; name = UIKit.framework; path = System/Library/Frameworks/UIKit.framework; sourceTree = SDKROOT; };
		57B3FFEB177AD9BC00775FC9 /* Foundation.framework */ = {isa = PBXFileReference; lastKnownFileType = wrapper.framework; name = Foundation.framework; path = System/Library/Frameworks/Foundation.framework; sourceTree = SDKROOT; };
		57B3FFED177AD9BC00775FC9 /* CoreGraphics.framework */ = {isa = PBXFileReference; lastKnownFileType = wrapper.framework; name = CoreGraphics.framework; path = System/Library/Frameworks/CoreGraphics.framework; sourceTree = SDKROOT; };
		57B3FFF1177AD9BC00775FC9 /* JoinShow-Info.plist */ = {isa = PBXFileReference; lastKnownFileType = text.plist.xml; path = "JoinShow-Info.plist"; sourceTree = "<group>"; };
		57B3FFF3177AD9BC00775FC9 /* en */ = {isa = PBXFileReference; lastKnownFileType = text.plist.strings; name = en; path = en.lproj/InfoPlist.strings; sourceTree = "<group>"; };
		57B3FFF5177AD9BC00775FC9 /* main.m */ = {isa = PBXFileReference; lastKnownFileType = sourcecode.c.objc; path = main.m; sourceTree = "<group>"; };
		57B3FFF7177AD9BC00775FC9 /* JoinShow-Prefix.pch */ = {isa = PBXFileReference; lastKnownFileType = sourcecode.c.h; path = "JoinShow-Prefix.pch"; sourceTree = "<group>"; };
		57B3FFF8177AD9BC00775FC9 /* AppDelegate.h */ = {isa = PBXFileReference; lastKnownFileType = sourcecode.c.h; path = AppDelegate.h; sourceTree = "<group>"; };
		57B3FFF9177AD9BC00775FC9 /* AppDelegate.m */ = {isa = PBXFileReference; lastKnownFileType = sourcecode.c.objc; path = AppDelegate.m; sourceTree = "<group>"; };
		57B3FFFB177AD9BC00775FC9 /* Default.png */ = {isa = PBXFileReference; lastKnownFileType = image.png; path = Default.png; sourceTree = "<group>"; };
		57B3FFFD177AD9BC00775FC9 /* Default@2x.png */ = {isa = PBXFileReference; lastKnownFileType = image.png; path = "Default@2x.png"; sourceTree = "<group>"; };
		57B3FFFF177AD9BC00775FC9 /* Default-568h@2x.png */ = {isa = PBXFileReference; lastKnownFileType = image.png; path = "Default-568h@2x.png"; sourceTree = "<group>"; };
		57BE89B817AA525200FCD864 /* AVFoundation.framework */ = {isa = PBXFileReference; lastKnownFileType = wrapper.framework; name = AVFoundation.framework; path = System/Library/Frameworks/AVFoundation.framework; sourceTree = SDKROOT; };
		57BE89BA17AA52E700FCD864 /* AudioToolbox.framework */ = {isa = PBXFileReference; lastKnownFileType = wrapper.framework; name = AudioToolbox.framework; path = System/Library/Frameworks/AudioToolbox.framework; sourceTree = SDKROOT; };
		57BE89BC17AA531100FCD864 /* OpenAL.framework */ = {isa = PBXFileReference; lastKnownFileType = wrapper.framework; name = OpenAL.framework; path = System/Library/Frameworks/OpenAL.framework; sourceTree = SDKROOT; };
		57E8527917B1F58D00C664F4 /* NSObject+XY.h */ = {isa = PBXFileReference; fileEncoding = 4; lastKnownFileType = sourcecode.c.h; path = "NSObject+XY.h"; sourceTree = "<group>"; };
		57E8527A17B1F58D00C664F4 /* NSObject+XY.m */ = {isa = PBXFileReference; fileEncoding = 4; lastKnownFileType = sourcecode.c.objc; path = "NSObject+XY.m"; sourceTree = "<group>"; };
		57E8527B17B1F58D00C664F4 /* UIView+XY.h */ = {isa = PBXFileReference; fileEncoding = 4; lastKnownFileType = sourcecode.c.h; path = "UIView+XY.h"; sourceTree = "<group>"; };
		57E8527C17B1F58D00C664F4 /* UIView+XY.m */ = {isa = PBXFileReference; fileEncoding = 4; lastKnownFileType = sourcecode.c.objc; path = "UIView+XY.m"; sourceTree = "<group>"; };
		57E8527D17B1F58D00C664F4 /* XYExtension.h */ = {isa = PBXFileReference; fileEncoding = 4; lastKnownFileType = sourcecode.c.h; path = XYExtension.h; sourceTree = "<group>"; };
		57E8528117B1F58D00C664F4 /* BlockUI.h */ = {isa = PBXFileReference; fileEncoding = 4; lastKnownFileType = sourcecode.c.h; path = BlockUI.h; sourceTree = "<group>"; };
		57E8528217B1F58D00C664F4 /* BUIControl.h */ = {isa = PBXFileReference; fileEncoding = 4; lastKnownFileType = sourcecode.c.h; path = BUIControl.h; sourceTree = "<group>"; };
		57E8528317B1F58D00C664F4 /* BUIControl.m */ = {isa = PBXFileReference; fileEncoding = 4; lastKnownFileType = sourcecode.c.objc; path = BUIControl.m; sourceTree = "<group>"; };
		57E8528417B1F58D00C664F4 /* BUIView.h */ = {isa = PBXFileReference; fileEncoding = 4; lastKnownFileType = sourcecode.c.h; path = BUIView.h; sourceTree = "<group>"; };
		57E8528517B1F58D00C664F4 /* BUIView.m */ = {isa = PBXFileReference; fileEncoding = 4; lastKnownFileType = sourcecode.c.objc; path = BUIView.m; sourceTree = "<group>"; };
		57E8528717B1F58D00C664F4 /* MBProgressHUD.h */ = {isa = PBXFileReference; fileEncoding = 4; lastKnownFileType = sourcecode.c.h; path = MBProgressHUD.h; sourceTree = "<group>"; };
		57E8528817B1F58D00C664F4 /* MBProgressHUD.m */ = {isa = PBXFileReference; fileEncoding = 4; lastKnownFileType = sourcecode.c.objc; path = MBProgressHUD.m; sourceTree = "<group>"; };
		57E8528A17B1F58D00C664F4 /* RTLabel.h */ = {isa = PBXFileReference; fileEncoding = 4; lastKnownFileType = sourcecode.c.h; path = RTLabel.h; sourceTree = "<group>"; };
		57E8528B17B1F58D00C664F4 /* RTLabel.m */ = {isa = PBXFileReference; fileEncoding = 4; lastKnownFileType = sourcecode.c.objc; path = RTLabel.m; sourceTree = "<group>"; };
		57E8528E17B1F58D00C664F4 /* CDAudioManager.h */ = {isa = PBXFileReference; fileEncoding = 4; lastKnownFileType = sourcecode.c.h; path = CDAudioManager.h; sourceTree = "<group>"; };
		57E8528F17B1F58D00C664F4 /* CDAudioManager.m */ = {isa = PBXFileReference; fileEncoding = 4; lastKnownFileType = sourcecode.c.objc; path = CDAudioManager.m; sourceTree = "<group>"; };
		57E8529017B1F58D00C664F4 /* CDConfig.h */ = {isa = PBXFileReference; fileEncoding = 4; lastKnownFileType = sourcecode.c.h; path = CDConfig.h; sourceTree = "<group>"; };
		57E8529117B1F58D00C664F4 /* CDOpenALSupport.h */ = {isa = PBXFileReference; fileEncoding = 4; lastKnownFileType = sourcecode.c.h; path = CDOpenALSupport.h; sourceTree = "<group>"; };
		57E8529217B1F58D00C664F4 /* CDOpenALSupport.m */ = {isa = PBXFileReference; fileEncoding = 4; lastKnownFileType = sourcecode.c.objc; path = CDOpenALSupport.m; sourceTree = "<group>"; };
		57E8529317B1F58D00C664F4 /* CocosDenshion.h */ = {isa = PBXFileReference; fileEncoding = 4; lastKnownFileType = sourcecode.c.h; path = CocosDenshion.h; sourceTree = "<group>"; };
		57E8529417B1F58D00C664F4 /* CocosDenshion.m */ = {isa = PBXFileReference; fileEncoding = 4; lastKnownFileType = sourcecode.c.objc; path = CocosDenshion.m; sourceTree = "<group>"; };
		57E8529517B1F58D00C664F4 /* SimpleAudioEngine.h */ = {isa = PBXFileReference; fileEncoding = 4; lastKnownFileType = sourcecode.c.h; path = SimpleAudioEngine.h; sourceTree = "<group>"; };
		57E8529617B1F58D00C664F4 /* SimpleAudioEngine.m */ = {isa = PBXFileReference; fileEncoding = 4; lastKnownFileType = sourcecode.c.objc; path = SimpleAudioEngine.m; sourceTree = "<group>"; };
		57E8529817B1F58D00C664F4 /* OpenUDID.h */ = {isa = PBXFileReference; fileEncoding = 4; lastKnownFileType = sourcecode.c.h; path = OpenUDID.h; sourceTree = "<group>"; };
		57E8529917B1F58D00C664F4 /* OpenUDID.m */ = {isa = PBXFileReference; fileEncoding = 4; lastKnownFileType = sourcecode.c.objc; path = OpenUDID.m; sourceTree = "<group>"; };
		57E8529B17B1F58D00C664F4 /* SDDataCacheManager.h */ = {isa = PBXFileReference; fileEncoding = 4; lastKnownFileType = sourcecode.c.h; path = SDDataCacheManager.h; sourceTree = "<group>"; };
		57E8529C17B1F58D00C664F4 /* SDDataCacheManager.m */ = {isa = PBXFileReference; fileEncoding = 4; lastKnownFileType = sourcecode.c.objc; path = SDDataCacheManager.m; sourceTree = "<group>"; };
		57E8529D17B1F58D00C664F4 /* SDImageView+SDWebCache.h */ = {isa = PBXFileReference; fileEncoding = 4; lastKnownFileType = sourcecode.c.h; path = "SDImageView+SDWebCache.h"; sourceTree = "<group>"; };
		57E8529E17B1F58D00C664F4 /* SDImageView+SDWebCache.m */ = {isa = PBXFileReference; fileEncoding = 4; lastKnownFileType = sourcecode.c.objc; path = "SDImageView+SDWebCache.m"; sourceTree = "<group>"; };
		57E8529F17B1F58D00C664F4 /* SDNetworkActivityIndicator.h */ = {isa = PBXFileReference; fileEncoding = 4; lastKnownFileType = sourcecode.c.h; path = SDNetworkActivityIndicator.h; sourceTree = "<group>"; };
		57E852A017B1F58D00C664F4 /* SDNetworkActivityIndicator.m */ = {isa = PBXFileReference; fileEncoding = 4; lastKnownFileType = sourcecode.c.objc; path = SDNetworkActivityIndicator.m; sourceTree = "<group>"; };
		57E852A117B1F58D00C664F4 /* SDWebDataDownloader.h */ = {isa = PBXFileReference; fileEncoding = 4; lastKnownFileType = sourcecode.c.h; path = SDWebDataDownloader.h; sourceTree = "<group>"; };
		57E852A217B1F58D00C664F4 /* SDWebDataDownloader.m */ = {isa = PBXFileReference; fileEncoding = 4; lastKnownFileType = sourcecode.c.objc; path = SDWebDataDownloader.m; sourceTree = "<group>"; };
		57E852A317B1F58D00C664F4 /* SDWebDataManager.h */ = {isa = PBXFileReference; fileEncoding = 4; lastKnownFileType = sourcecode.c.h; path = SDWebDataManager.h; sourceTree = "<group>"; };
		57E852A417B1F58D00C664F4 /* SDWebDataManager.m */ = {isa = PBXFileReference; fileEncoding = 4; lastKnownFileType = sourcecode.c.objc; path = SDWebDataManager.m; sourceTree = "<group>"; };
		57E852A517B1F58D00C664F4 /* SDWebImageCompatibly.h */ = {isa = PBXFileReference; fileEncoding = 4; lastKnownFileType = sourcecode.c.h; path = SDWebImageCompatibly.h; sourceTree = "<group>"; };
		57E852A617B1F58D00C664F4 /* XYExternal.h */ = {isa = PBXFileReference; fileEncoding = 4; lastKnownFileType = sourcecode.c.h; path = XYExternal.h; sourceTree = "<group>"; };
		57E852A817B1F58D00C664F4 /* CommonDefine.h */ = {isa = PBXFileReference; fileEncoding = 4; lastKnownFileType = sourcecode.c.h; path = CommonDefine.h; sourceTree = "<group>"; };
		57E852A917B1F58D00C664F4 /* XYFunction.h */ = {isa = PBXFileReference; fileEncoding = 4; lastKnownFileType = sourcecode.c.h; path = XYFunction.h; sourceTree = "<group>"; };
		57E852AA17B1F58D00C664F4 /* XYFunction.m */ = {isa = PBXFileReference; fileEncoding = 4; lastKnownFileType = sourcecode.c.objc; path = XYFunction.m; sourceTree = "<group>"; };
		57E852AB17B1F58D00C664F4 /* XYThread.h */ = {isa = PBXFileReference; fileEncoding = 4; lastKnownFileType = sourcecode.c.h; path = XYThread.h; sourceTree = "<group>"; };
		57E852AC17B1F58D00C664F4 /* XYThread.m */ = {isa = PBXFileReference; fileEncoding = 4; lastKnownFileType = sourcecode.c.objc; path = XYThread.m; sourceTree = "<group>"; };
		57E852AE17B1F58D00C664F4 /* XYAnimationView.h */ = {isa = PBXFileReference; fileEncoding = 4; lastKnownFileType = sourcecode.c.h; path = XYAnimationView.h; sourceTree = "<group>"; };
		57E852AF17B1F58D00C664F4 /* XYAnimationView.m */ = {isa = PBXFileReference; fileEncoding = 4; lastKnownFileType = sourcecode.c.objc; path = XYAnimationView.m; sourceTree = "<group>"; };
		57E852B017B1F58D00C664F4 /* XYSpriteManager.h */ = {isa = PBXFileReference; fileEncoding = 4; lastKnownFileType = sourcecode.c.h; path = XYSpriteManager.h; sourceTree = "<group>"; };
		57E852B117B1F58D00C664F4 /* XYSpriteManager.m */ = {isa = PBXFileReference; fileEncoding = 4; lastKnownFileType = sourcecode.c.objc; path = XYSpriteManager.m; sourceTree = "<group>"; };
		57E852B217B1F58D00C664F4 /* XYSpriteView.h */ = {isa = PBXFileReference; fileEncoding = 4; lastKnownFileType = sourcecode.c.h; path = XYSpriteView.h; sourceTree = "<group>"; };
		57E852B317B1F58D00C664F4 /* XYSpriteView.m */ = {isa = PBXFileReference; fileEncoding = 4; lastKnownFileType = sourcecode.c.objc; path = XYSpriteView.m; sourceTree = "<group>"; };
		57E852B417B1F58D00C664F4 /* XYUI.h */ = {isa = PBXFileReference; fileEncoding = 4; lastKnownFileType = sourcecode.c.h; path = XYUI.h; sourceTree = "<group>"; };
		57E852B517B1F58D00C664F4 /* XYCommon.h */ = {isa = PBXFileReference; fileEncoding = 4; lastKnownFileType = sourcecode.c.h; path = XYCommon.h; sourceTree = "<group>"; };
		57E852B617B1F58D00C664F4 /* XYPrecompile.h */ = {isa = PBXFileReference; fileEncoding = 4; lastKnownFileType = sourcecode.c.h; path = XYPrecompile.h; sourceTree = "<group>"; };
		57E852CC17B1F64300C664F4 /* StatisticsManager.h */ = {isa = PBXFileReference; fileEncoding = 4; lastKnownFileType = sourcecode.c.h; path = StatisticsManager.h; sourceTree = "<group>"; };
		57E852CD17B1F64300C664F4 /* StatisticsManager.m */ = {isa = PBXFileReference; fileEncoding = 4; lastKnownFileType = sourcecode.c.objc; path = StatisticsManager.m; sourceTree = "<group>"; };
		57E852D017B1FD5200C664F4 /* libMobClickLibrary.a */ = {isa = PBXFileReference; lastKnownFileType = archive.ar; path = libMobClickLibrary.a; sourceTree = "<group>"; };
		57E852D117B1FD5200C664F4 /* MobClick.h */ = {isa = PBXFileReference; fileEncoding = 4; lastKnownFileType = sourcecode.c.h; path = MobClick.h; sourceTree = "<group>"; };
/* End PBXFileReference section */

/* Begin PBXFrameworksBuildPhase section */
		57B30008177AD9BC00775FC9 /* Frameworks */ = {
			isa = PBXFrameworksBuildPhase;
			buildActionMask = 2147483647;
			files = (
				57B3000E177AD9BC00775FC9 /* SenTestingKit.framework in Frameworks */,
				57B3000F177AD9BC00775FC9 /* UIKit.framework in Frameworks */,
				57B30010177AD9BC00775FC9 /* Foundation.framework in Frameworks */,
			);
			runOnlyForDeploymentPostprocessing = 0;
		};
		57B3FFE3177AD9BC00775FC9 /* Frameworks */ = {
			isa = PBXFrameworksBuildPhase;
			buildActionMask = 2147483647;
			files = (
				57525A4517AB7DEA0094D835 /* QuartzCore.framework in Frameworks */,
				57BE89BD17AA531200FCD864 /* OpenAL.framework in Frameworks */,
				57BE89BB17AA52E700FCD864 /* AudioToolbox.framework in Frameworks */,
				57BE89B917AA525200FCD864 /* AVFoundation.framework in Frameworks */,
				579ECE1D17A8E90B00687AF2 /* CoreText.framework in Frameworks */,
				57B3FFEA177AD9BC00775FC9 /* UIKit.framework in Frameworks */,
				57B3FFEC177AD9BC00775FC9 /* Foundation.framework in Frameworks */,
				57B3FFEE177AD9BC00775FC9 /* CoreGraphics.framework in Frameworks */,
				57E852D217B1FD5200C664F4 /* libMobClickLibrary.a in Frameworks */,
			);
			runOnlyForDeploymentPostprocessing = 0;
		};
/* End PBXFrameworksBuildPhase section */

/* Begin PBXGroup section */
		57525A4C17AB9E300094D835 /* Resource */ = {
			isa = PBXGroup;
			children = (
				57525A7E17ABB3910094D835 /* p1_a */,
				57525A4D17AB9E3E0094D835 /* p3_b */,
			);
			path = Resource;
			sourceTree = "<group>";
		};
		57525A4D17AB9E3E0094D835 /* p3_b */ = {
			isa = PBXGroup;
			children = (
				57525A4E17AB9E3E0094D835 /* p3_b_0.png */,
				57525A4F17AB9E3E0094D835 /* p3_b_1.png */,
				57525A5017AB9E3E0094D835 /* p3_b_10.png */,
				57525A5117AB9E3E0094D835 /* p3_b_11.png */,
				57525A5217AB9E3E0094D835 /* p3_b_12.png */,
				57525A5317AB9E3E0094D835 /* p3_b_13.png */,
				57525A5417AB9E3E0094D835 /* p3_b_14.png */,
				57525A5517AB9E3E0094D835 /* p3_b_15.png */,
				57525A5617AB9E3E0094D835 /* p3_b_16.png */,
				57525A5717AB9E3E0094D835 /* p3_b_17.png */,
				57525A5817AB9E3E0094D835 /* p3_b_18.png */,
				57525A5917AB9E3E0094D835 /* p3_b_19.png */,
				57525A5A17AB9E3E0094D835 /* p3_b_2.png */,
				57525A5B17AB9E3E0094D835 /* p3_b_20.png */,
				57525A5C17AB9E3E0094D835 /* p3_b_21.png */,
				57525A5D17AB9E3E0094D835 /* p3_b_22.png */,
				57525A5E17AB9E3E0094D835 /* p3_b_23.png */,
				57525A5F17AB9E3E0094D835 /* p3_b_3.png */,
				57525A6017AB9E3E0094D835 /* p3_b_4.png */,
				57525A6117AB9E3E0094D835 /* p3_b_5.png */,
				57525A6217AB9E3E0094D835 /* p3_b_6.png */,
				57525A6317AB9E3E0094D835 /* p3_b_7.png */,
				57525A6417AB9E3E0094D835 /* p3_b_8.png */,
				57525A6517AB9E3E0094D835 /* p3_b_9.png */,
			);
			path = p3_b;
			sourceTree = "<group>";
		};
		57525A7E17ABB3910094D835 /* p1_a */ = {
			isa = PBXGroup;
			children = (
				57525A7F17ABB3910094D835 /* p1_a_0.png */,
				57525A8017ABB3910094D835 /* p1_a_1.png */,
				57525A8117ABB3910094D835 /* p1_a_10.png */,
				57525A8217ABB3910094D835 /* p1_a_11.png */,
				57525A8317ABB3910094D835 /* p1_a_12.png */,
				57525A8417ABB3910094D835 /* p1_a_13.png */,
				57525A8517ABB3910094D835 /* p1_a_14.png */,
				57525A8617ABB3910094D835 /* p1_a_15.png */,
				57525A8717ABB3910094D835 /* p1_a_16.png */,
				57525A8817ABB3910094D835 /* p1_a_17.png */,
				57525A8917ABB3910094D835 /* p1_a_2.png */,
				57525A8A17ABB3910094D835 /* p1_a_3.png */,
				57525A8B17ABB3910094D835 /* p1_a_4.png */,
				57525A8C17ABB3910094D835 /* p1_a_5.png */,
				57525A8D17ABB3910094D835 /* p1_a_6.png */,
				57525A8E17ABB3910094D835 /* p1_a_7.png */,
				57525A8F17ABB3910094D835 /* p1_a_8.png */,
				57525A9017ABB3910094D835 /* p1_a_9.png */,
			);
			path = p1_a;
			sourceTree = "<group>";
		};
		57B30013177AD9BC00775FC9 /* JoinShowTests */ = {
			isa = PBXGroup;
			children = (
				57B30019177AD9BC00775FC9 /* JoinShowTests.h */,
				57B3001A177AD9BC00775FC9 /* JoinShowTests.m */,
				57B30014177AD9BC00775FC9 /* Supporting Files */,
			);
			path = JoinShowTests;
			sourceTree = "<group>";
		};
		57B30014177AD9BC00775FC9 /* Supporting Files */ = {
			isa = PBXGroup;
			children = (
				57B30015177AD9BC00775FC9 /* JoinShowTests-Info.plist */,
				57B30016177AD9BC00775FC9 /* InfoPlist.strings */,
			);
			name = "Supporting Files";
			sourceTree = "<group>";
		};
		57B3FFDD177AD9BC00775FC9 = {
			isa = PBXGroup;
			children = (
				57B3FFEF177AD9BC00775FC9 /* JoinShow */,
				57B30013177AD9BC00775FC9 /* JoinShowTests */,
				57B3FFE8177AD9BC00775FC9 /* Frameworks */,
				57B3FFE7177AD9BC00775FC9 /* Products */,
			);
			sourceTree = "<group>";
		};
		57B3FFE7177AD9BC00775FC9 /* Products */ = {
			isa = PBXGroup;
			children = (
				57B3FFE6177AD9BC00775FC9 /* JoinShow.app */,
				57B3000C177AD9BC00775FC9 /* JoinShowTests.octest */,
			);
			name = Products;
			sourceTree = "<group>";
		};
		57B3FFE8177AD9BC00775FC9 /* Frameworks */ = {
			isa = PBXGroup;
			children = (
				57525A4417AB7DEA0094D835 /* QuartzCore.framework */,
				57BE89BC17AA531100FCD864 /* OpenAL.framework */,
				57BE89BA17AA52E700FCD864 /* AudioToolbox.framework */,
				57BE89B817AA525200FCD864 /* AVFoundation.framework */,
				579ECE1C17A8E90B00687AF2 /* CoreText.framework */,
				57B3FFE9177AD9BC00775FC9 /* UIKit.framework */,
				57B3FFEB177AD9BC00775FC9 /* Foundation.framework */,
				57B3FFED177AD9BC00775FC9 /* CoreGraphics.framework */,
				57B3000D177AD9BC00775FC9 /* SenTestingKit.framework */,
			);
			name = Frameworks;
			sourceTree = "<group>";
		};
		57B3FFEF177AD9BC00775FC9 /* JoinShow */ = {
			isa = PBXGroup;
			children = (
				57E8527717B1F58D00C664F4 /* XYQuickDevelop */,
				57B3FFF8177AD9BC00775FC9 /* AppDelegate.h */,
				57B3FFF9177AD9BC00775FC9 /* AppDelegate.m */,
				57B30001177AD9BC00775FC9 /* ViewController.h */,
				57B30002177AD9BC00775FC9 /* ViewController.m */,
				579ECE1E17A8EF8900687AF2 /* TestView.h */,
				579ECE1F17A8EF8900687AF2 /* TestView.m */,
				579ECE2217A911AF00687AF2 /* Test2View.h */,
				579ECE2317A911AF00687AF2 /* Test2View.m */,
				57B30004177AD9BC00775FC9 /* ViewController.xib */,
				57B3FFF0177AD9BC00775FC9 /* Supporting Files */,
			);
			path = JoinShow;
			sourceTree = "<group>";
		};
		57B3FFF0177AD9BC00775FC9 /* Supporting Files */ = {
			isa = PBXGroup;
			children = (
				57525A4C17AB9E300094D835 /* Resource */,
				57B3FFF1177AD9BC00775FC9 /* JoinShow-Info.plist */,
				57B3FFF2177AD9BC00775FC9 /* InfoPlist.strings */,
				57B3FFF5177AD9BC00775FC9 /* main.m */,
				57B3FFF7177AD9BC00775FC9 /* JoinShow-Prefix.pch */,
				57B3FFFB177AD9BC00775FC9 /* Default.png */,
				57B3FFFD177AD9BC00775FC9 /* Default@2x.png */,
				57B3FFFF177AD9BC00775FC9 /* Default-568h@2x.png */,
			);
			name = "Supporting Files";
			sourceTree = "<group>";
		};
		57E8527717B1F58D00C664F4 /* XYQuickDevelop */ = {
			isa = PBXGroup;
			children = (
				57E8527817B1F58D00C664F4 /* Extension */,
				57E8527E17B1F58D00C664F4 /* External */,
				57E852A717B1F58D00C664F4 /* Foundation */,
				57E852AD17B1F58D00C664F4 /* UI */,
				57E852B517B1F58D00C664F4 /* XYCommon.h */,
				57E852B617B1F58D00C664F4 /* XYPrecompile.h */,
			);
			name = XYQuickDevelop;
			path = ../../XYQuickDevelop;
			sourceTree = "<group>";
		};
		57E8527817B1F58D00C664F4 /* Extension */ = {
			isa = PBXGroup;
			children = (
				57E8527917B1F58D00C664F4 /* NSObject+XY.h */,
				57E8527A17B1F58D00C664F4 /* NSObject+XY.m */,
				57E8527B17B1F58D00C664F4 /* UIView+XY.h */,
				57E8527C17B1F58D00C664F4 /* UIView+XY.m */,
				57E8527D17B1F58D00C664F4 /* XYExtension.h */,
			);
			path = Extension;
			sourceTree = "<group>";
		};
		57E8527E17B1F58D00C664F4 /* External */ = {
			isa = PBXGroup;
			children = (
				57E8527F17B1F58D00C664F4 /* UI */,
				57E8528C17B1F58D00C664F4 /* Utilities */,
				57E852A617B1F58D00C664F4 /* XYExternal.h */,
			);
			path = External;
			sourceTree = "<group>";
		};
		57E8527F17B1F58D00C664F4 /* UI */ = {
			isa = PBXGroup;
			children = (
				57E8528017B1F58D00C664F4 /* BlockUI */,
				57E8528617B1F58D00C664F4 /* MBProgressHUD */,
				57E8528917B1F58D00C664F4 /* RTLabel */,
			);
			path = UI;
			sourceTree = "<group>";
		};
		57E8528017B1F58D00C664F4 /* BlockUI */ = {
			isa = PBXGroup;
			children = (
				57E8528117B1F58D00C664F4 /* BlockUI.h */,
				57E8528217B1F58D00C664F4 /* BUIControl.h */,
				57E8528317B1F58D00C664F4 /* BUIControl.m */,
				57E8528417B1F58D00C664F4 /* BUIView.h */,
				57E8528517B1F58D00C664F4 /* BUIView.m */,
			);
			path = BlockUI;
			sourceTree = "<group>";
		};
		57E8528617B1F58D00C664F4 /* MBProgressHUD */ = {
			isa = PBXGroup;
			children = (
				57E8528717B1F58D00C664F4 /* MBProgressHUD.h */,
				57E8528817B1F58D00C664F4 /* MBProgressHUD.m */,
			);
			path = MBProgressHUD;
			sourceTree = "<group>";
		};
		57E8528917B1F58D00C664F4 /* RTLabel */ = {
			isa = PBXGroup;
			children = (
				57E8528A17B1F58D00C664F4 /* RTLabel.h */,
				57E8528B17B1F58D00C664F4 /* RTLabel.m */,
			);
			path = RTLabel;
			sourceTree = "<group>";
		};
		57E8528C17B1F58D00C664F4 /* Utilities */ = {
			isa = PBXGroup;
			children = (
				57E852CF17B1FD5200C664F4 /* UMAnalytics_Sdk_2.2.0.OpenUDID */,
				57E8528D17B1F58D00C664F4 /* CocosDenshion */,
				57E8529717B1F58D00C664F4 /* OpenUDID */,
				57E8529A17B1F58D00C664F4 /* SDWebData_1.1.1 */,
			);
			path = Utilities;
			sourceTree = "<group>";
		};
		57E8528D17B1F58D00C664F4 /* CocosDenshion */ = {
			isa = PBXGroup;
			children = (
				57E8528E17B1F58D00C664F4 /* CDAudioManager.h */,
				57E8528F17B1F58D00C664F4 /* CDAudioManager.m */,
				57E8529017B1F58D00C664F4 /* CDConfig.h */,
				57E8529117B1F58D00C664F4 /* CDOpenALSupport.h */,
				57E8529217B1F58D00C664F4 /* CDOpenALSupport.m */,
				57E8529317B1F58D00C664F4 /* CocosDenshion.h */,
				57E8529417B1F58D00C664F4 /* CocosDenshion.m */,
				57E8529517B1F58D00C664F4 /* SimpleAudioEngine.h */,
				57E8529617B1F58D00C664F4 /* SimpleAudioEngine.m */,
			);
			path = CocosDenshion;
			sourceTree = "<group>";
		};
		57E8529717B1F58D00C664F4 /* OpenUDID */ = {
			isa = PBXGroup;
			children = (
				57E8529817B1F58D00C664F4 /* OpenUDID.h */,
				57E8529917B1F58D00C664F4 /* OpenUDID.m */,
			);
			path = OpenUDID;
			sourceTree = "<group>";
		};
		57E8529A17B1F58D00C664F4 /* SDWebData_1.1.1 */ = {
			isa = PBXGroup;
			children = (
				57E8529B17B1F58D00C664F4 /* SDDataCacheManager.h */,
				57E8529C17B1F58D00C664F4 /* SDDataCacheManager.m */,
				57E8529D17B1F58D00C664F4 /* SDImageView+SDWebCache.h */,
				57E8529E17B1F58D00C664F4 /* SDImageView+SDWebCache.m */,
				57E8529F17B1F58D00C664F4 /* SDNetworkActivityIndicator.h */,
				57E852A017B1F58D00C664F4 /* SDNetworkActivityIndicator.m */,
				57E852A117B1F58D00C664F4 /* SDWebDataDownloader.h */,
				57E852A217B1F58D00C664F4 /* SDWebDataDownloader.m */,
				57E852A317B1F58D00C664F4 /* SDWebDataManager.h */,
				57E852A417B1F58D00C664F4 /* SDWebDataManager.m */,
				57E852A517B1F58D00C664F4 /* SDWebImageCompatibly.h */,
			);
			path = SDWebData_1.1.1;
			sourceTree = "<group>";
		};
		57E852A717B1F58D00C664F4 /* Foundation */ = {
			isa = PBXGroup;
			children = (
				57E852A817B1F58D00C664F4 /* CommonDefine.h */,
				57E852A917B1F58D00C664F4 /* XYFunction.h */,
				57E852AA17B1F58D00C664F4 /* XYFunction.m */,
				57E852AB17B1F58D00C664F4 /* XYThread.h */,
				57E852AC17B1F58D00C664F4 /* XYThread.m */,
				57E852CC17B1F64300C664F4 /* StatisticsManager.h */,
				57E852CD17B1F64300C664F4 /* StatisticsManager.m */,
			);
			path = Foundation;
			sourceTree = "<group>";
		};
		57E852AD17B1F58D00C664F4 /* UI */ = {
			isa = PBXGroup;
			children = (
				57E852AE17B1F58D00C664F4 /* XYAnimationView.h */,
				57E852AF17B1F58D00C664F4 /* XYAnimationView.m */,
				57E852B017B1F58D00C664F4 /* XYSpriteManager.h */,
				57E852B117B1F58D00C664F4 /* XYSpriteManager.m */,
				57E852B217B1F58D00C664F4 /* XYSpriteView.h */,
				57E852B317B1F58D00C664F4 /* XYSpriteView.m */,
				57E852B417B1F58D00C664F4 /* XYUI.h */,
			);
			path = UI;
			sourceTree = "<group>";
		};
		57E852CF17B1FD5200C664F4 /* UMAnalytics_Sdk_2.2.0.OpenUDID */ = {
			isa = PBXGroup;
			children = (
				57E852D017B1FD5200C664F4 /* libMobClickLibrary.a */,
				57E852D117B1FD5200C664F4 /* MobClick.h */,
			);
			path = UMAnalytics_Sdk_2.2.0.OpenUDID;
			sourceTree = "<group>";
		};
/* End PBXGroup section */

/* Begin PBXNativeTarget section */
		57B3000B177AD9BC00775FC9 /* JoinShowTests */ = {
			isa = PBXNativeTarget;
			buildConfigurationList = 57B30021177AD9BC00775FC9 /* Build configuration list for PBXNativeTarget "JoinShowTests" */;
			buildPhases = (
				57B30007177AD9BC00775FC9 /* Sources */,
				57B30008177AD9BC00775FC9 /* Frameworks */,
				57B30009177AD9BC00775FC9 /* Resources */,
				57B3000A177AD9BC00775FC9 /* ShellScript */,
			);
			buildRules = (
			);
			dependencies = (
				57B30012177AD9BC00775FC9 /* PBXTargetDependency */,
			);
			name = JoinShowTests;
			productName = JoinShowTests;
			productReference = 57B3000C177AD9BC00775FC9 /* JoinShowTests.octest */;
			productType = "com.apple.product-type.bundle";
		};
		57B3FFE5177AD9BC00775FC9 /* JoinShow */ = {
			isa = PBXNativeTarget;
			buildConfigurationList = 57B3001E177AD9BC00775FC9 /* Build configuration list for PBXNativeTarget "JoinShow" */;
			buildPhases = (
				57B3FFE2177AD9BC00775FC9 /* Sources */,
				57B3FFE3177AD9BC00775FC9 /* Frameworks */,
				57B3FFE4177AD9BC00775FC9 /* Resources */,
			);
			buildRules = (
			);
			dependencies = (
			);
			name = JoinShow;
			productName = JoinShow;
			productReference = 57B3FFE6177AD9BC00775FC9 /* JoinShow.app */;
			productType = "com.apple.product-type.application";
		};
/* End PBXNativeTarget section */

/* Begin PBXProject section */
		57B3FFDE177AD9BC00775FC9 /* Project object */ = {
			isa = PBXProject;
			attributes = {
				LastUpgradeCheck = 0460;
				ORGANIZATIONNAME = Heaven;
			};
			buildConfigurationList = 57B3FFE1177AD9BC00775FC9 /* Build configuration list for PBXProject "JoinShow" */;
			compatibilityVersion = "Xcode 3.2";
			developmentRegion = English;
			hasScannedForEncodings = 0;
			knownRegions = (
				en,
			);
			mainGroup = 57B3FFDD177AD9BC00775FC9;
			productRefGroup = 57B3FFE7177AD9BC00775FC9 /* Products */;
			projectDirPath = "";
			projectRoot = "";
			targets = (
				57B3FFE5177AD9BC00775FC9 /* JoinShow */,
				57B3000B177AD9BC00775FC9 /* JoinShowTests */,
			);
		};
/* End PBXProject section */

/* Begin PBXResourcesBuildPhase section */
		57B30009177AD9BC00775FC9 /* Resources */ = {
			isa = PBXResourcesBuildPhase;
			buildActionMask = 2147483647;
			files = (
				57B30018177AD9BC00775FC9 /* InfoPlist.strings in Resources */,
			);
			runOnlyForDeploymentPostprocessing = 0;
		};
		57B3FFE4177AD9BC00775FC9 /* Resources */ = {
			isa = PBXResourcesBuildPhase;
			buildActionMask = 2147483647;
			files = (
				57B3FFF4177AD9BC00775FC9 /* InfoPlist.strings in Resources */,
				57B3FFFC177AD9BC00775FC9 /* Default.png in Resources */,
				57B3FFFE177AD9BC00775FC9 /* Default@2x.png in Resources */,
				57B30000177AD9BC00775FC9 /* Default-568h@2x.png in Resources */,
				57B30006177AD9BC00775FC9 /* ViewController.xib in Resources */,
				57525A6617AB9E3E0094D835 /* p3_b_0.png in Resources */,
				57525A6717AB9E3E0094D835 /* p3_b_1.png in Resources */,
				57525A6817AB9E3E0094D835 /* p3_b_10.png in Resources */,
				57525A6917AB9E3E0094D835 /* p3_b_11.png in Resources */,
				57525A6A17AB9E3E0094D835 /* p3_b_12.png in Resources */,
				57525A6B17AB9E3E0094D835 /* p3_b_13.png in Resources */,
				57525A6C17AB9E3E0094D835 /* p3_b_14.png in Resources */,
				57525A6D17AB9E3E0094D835 /* p3_b_15.png in Resources */,
				57525A6E17AB9E3E0094D835 /* p3_b_16.png in Resources */,
				57525A6F17AB9E3E0094D835 /* p3_b_17.png in Resources */,
				57525A7017AB9E3E0094D835 /* p3_b_18.png in Resources */,
				57525A7117AB9E3E0094D835 /* p3_b_19.png in Resources */,
				57525A7217AB9E3E0094D835 /* p3_b_2.png in Resources */,
				57525A7317AB9E3E0094D835 /* p3_b_20.png in Resources */,
				57525A7417AB9E3E0094D835 /* p3_b_21.png in Resources */,
				57525A7517AB9E3E0094D835 /* p3_b_22.png in Resources */,
				57525A7617AB9E3E0094D835 /* p3_b_23.png in Resources */,
				57525A7717AB9E3E0094D835 /* p3_b_3.png in Resources */,
				57525A7817AB9E3E0094D835 /* p3_b_4.png in Resources */,
				57525A7917AB9E3E0094D835 /* p3_b_5.png in Resources */,
				57525A7A17AB9E3E0094D835 /* p3_b_6.png in Resources */,
				57525A7B17AB9E3E0094D835 /* p3_b_7.png in Resources */,
				57525A7C17AB9E3E0094D835 /* p3_b_8.png in Resources */,
				57525A7D17AB9E3E0094D835 /* p3_b_9.png in Resources */,
				57525A9117ABB3910094D835 /* p1_a_0.png in Resources */,
				57525A9217ABB3910094D835 /* p1_a_1.png in Resources */,
				57525A9317ABB3910094D835 /* p1_a_10.png in Resources */,
				57525A9417ABB3910094D835 /* p1_a_11.png in Resources */,
				57525A9517ABB3910094D835 /* p1_a_12.png in Resources */,
				57525A9617ABB3910094D835 /* p1_a_13.png in Resources */,
				57525A9717ABB3910094D835 /* p1_a_14.png in Resources */,
				57525A9817ABB3910094D835 /* p1_a_15.png in Resources */,
				57525A9917ABB3910094D835 /* p1_a_16.png in Resources */,
				57525A9A17ABB3910094D835 /* p1_a_17.png in Resources */,
				57525A9B17ABB3910094D835 /* p1_a_2.png in Resources */,
				57525A9C17ABB3910094D835 /* p1_a_3.png in Resources */,
				57525A9D17ABB3910094D835 /* p1_a_4.png in Resources */,
				57525A9E17ABB3910094D835 /* p1_a_5.png in Resources */,
				57525A9F17ABB3910094D835 /* p1_a_6.png in Resources */,
				57525AA017ABB3910094D835 /* p1_a_7.png in Resources */,
				57525AA117ABB3910094D835 /* p1_a_8.png in Resources */,
				57525AA217ABB3910094D835 /* p1_a_9.png in Resources */,
			);
			runOnlyForDeploymentPostprocessing = 0;
		};
/* End PBXResourcesBuildPhase section */

/* Begin PBXShellScriptBuildPhase section */
		57B3000A177AD9BC00775FC9 /* ShellScript */ = {
			isa = PBXShellScriptBuildPhase;
			buildActionMask = 2147483647;
			files = (
			);
			inputPaths = (
			);
			outputPaths = (
			);
			runOnlyForDeploymentPostprocessing = 0;
			shellPath = /bin/sh;
			shellScript = "# Run the unit tests in this test bundle.\n\"${SYSTEM_DEVELOPER_DIR}/Tools/RunUnitTests\"\n";
		};
/* End PBXShellScriptBuildPhase section */

/* Begin PBXSourcesBuildPhase section */
		57B30007177AD9BC00775FC9 /* Sources */ = {
			isa = PBXSourcesBuildPhase;
			buildActionMask = 2147483647;
			files = (
				57B3001B177AD9BC00775FC9 /* JoinShowTests.m in Sources */,
				579ECE2117A8EF8A00687AF2 /* TestView.m in Sources */,
				579ECE2517A911B000687AF2 /* Test2View.m in Sources */,
			);
			runOnlyForDeploymentPostprocessing = 0;
		};
		57B3FFE2177AD9BC00775FC9 /* Sources */ = {
			isa = PBXSourcesBuildPhase;
			buildActionMask = 2147483647;
			files = (
				57B3FFF6177AD9BC00775FC9 /* main.m in Sources */,
				57B3FFFA177AD9BC00775FC9 /* AppDelegate.m in Sources */,
				57B30003177AD9BC00775FC9 /* ViewController.m in Sources */,
				579ECE2017A8EF8A00687AF2 /* TestView.m in Sources */,
				579ECE2417A911B000687AF2 /* Test2View.m in Sources */,
				57E852B717B1F58D00C664F4 /* NSObject+XY.m in Sources */,
				57E852B817B1F58D00C664F4 /* UIView+XY.m in Sources */,
				57E852B917B1F58D00C664F4 /* BUIControl.m in Sources */,
				57E852BA17B1F58D00C664F4 /* BUIView.m in Sources */,
				57E852BB17B1F58D00C664F4 /* MBProgressHUD.m in Sources */,
				57E852BC17B1F58D00C664F4 /* RTLabel.m in Sources */,
				57E852BD17B1F58D00C664F4 /* CDAudioManager.m in Sources */,
				57E852BE17B1F58D00C664F4 /* CDOpenALSupport.m in Sources */,
				57E852BF17B1F58D00C664F4 /* CocosDenshion.m in Sources */,
				57E852C017B1F58D00C664F4 /* SimpleAudioEngine.m in Sources */,
				57E852C117B1F58D00C664F4 /* OpenUDID.m in Sources */,
				57E852C217B1F58D00C664F4 /* SDDataCacheManager.m in Sources */,
				57E852C317B1F58D00C664F4 /* SDImageView+SDWebCache.m in Sources */,
				57E852C417B1F58D00C664F4 /* SDNetworkActivityIndicator.m in Sources */,
				57E852C517B1F58D00C664F4 /* SDWebDataDownloader.m in Sources */,
				57E852C617B1F58D00C664F4 /* SDWebDataManager.m in Sources */,
				57E852C717B1F58E00C664F4 /* XYFunction.m in Sources */,
				57E852C817B1F58E00C664F4 /* XYThread.m in Sources */,
				57E852C917B1F58E00C664F4 /* XYAnimationView.m in Sources */,
				57E852CA17B1F58E00C664F4 /* XYSpriteManager.m in Sources */,
				57E852CB17B1F58E00C664F4 /* XYSpriteView.m in Sources */,
				57E852CE17B1F64300C664F4 /* StatisticsManager.m in Sources */,
			);
			runOnlyForDeploymentPostprocessing = 0;
		};
/* End PBXSourcesBuildPhase section */

/* Begin PBXTargetDependency section */
		57B30012177AD9BC00775FC9 /* PBXTargetDependency */ = {
			isa = PBXTargetDependency;
			target = 57B3FFE5177AD9BC00775FC9 /* JoinShow */;
			targetProxy = 57B30011177AD9BC00775FC9 /* PBXContainerItemProxy */;
		};
/* End PBXTargetDependency section */

/* Begin PBXVariantGroup section */
		57B30004177AD9BC00775FC9 /* ViewController.xib */ = {
			isa = PBXVariantGroup;
			children = (
				57B30005177AD9BC00775FC9 /* en */,
			);
			name = ViewController.xib;
			sourceTree = "<group>";
		};
		57B30016177AD9BC00775FC9 /* InfoPlist.strings */ = {
			isa = PBXVariantGroup;
			children = (
				57B30017177AD9BC00775FC9 /* en */,
			);
			name = InfoPlist.strings;
			sourceTree = "<group>";
		};
		57B3FFF2177AD9BC00775FC9 /* InfoPlist.strings */ = {
			isa = PBXVariantGroup;
			children = (
				57B3FFF3177AD9BC00775FC9 /* en */,
			);
			name = InfoPlist.strings;
			sourceTree = "<group>";
		};
/* End PBXVariantGroup section */

/* Begin XCBuildConfiguration section */
		57B3001C177AD9BC00775FC9 /* Debug */ = {
			isa = XCBuildConfiguration;
			buildSettings = {
				ALWAYS_SEARCH_USER_PATHS = NO;
				CLANG_CXX_LANGUAGE_STANDARD = "gnu++0x";
				CLANG_CXX_LIBRARY = "libc++";
				CLANG_WARN_CONSTANT_CONVERSION = YES;
				CLANG_WARN_EMPTY_BODY = YES;
				CLANG_WARN_ENUM_CONVERSION = YES;
				CLANG_WARN_INT_CONVERSION = YES;
				CLANG_WARN__DUPLICATE_METHOD_MATCH = YES;
				"CODE_SIGN_IDENTITY[sdk=iphoneos*]" = "iPhone Developer";
				COPY_PHASE_STRIP = NO;
				GCC_C_LANGUAGE_STANDARD = gnu99;
				GCC_DYNAMIC_NO_PIC = NO;
				GCC_OPTIMIZATION_LEVEL = 0;
				GCC_PREPROCESSOR_DEFINITIONS = (
					"DEBUG=1",
					"$(inherited)",
				);
				GCC_SYMBOLS_PRIVATE_EXTERN = NO;
				GCC_WARN_ABOUT_RETURN_TYPE = YES;
				GCC_WARN_UNINITIALIZED_AUTOS = YES;
				GCC_WARN_UNUSED_VARIABLE = YES;
				IPHONEOS_DEPLOYMENT_TARGET = 6.1;
				ONLY_ACTIVE_ARCH = YES;
				PUBLIC_HEADERS_FOLDER_PATH = "$(TARGET_NAME)";
				SDKROOT = iphoneos;
				TARGETED_DEVICE_FAMILY = 2;
			};
			name = Debug;
		};
		57B3001D177AD9BC00775FC9 /* Release */ = {
			isa = XCBuildConfiguration;
			buildSettings = {
				ALWAYS_SEARCH_USER_PATHS = NO;
				CLANG_CXX_LANGUAGE_STANDARD = "gnu++0x";
				CLANG_CXX_LIBRARY = "libc++";
				CLANG_WARN_CONSTANT_CONVERSION = YES;
				CLANG_WARN_EMPTY_BODY = YES;
				CLANG_WARN_ENUM_CONVERSION = YES;
				CLANG_WARN_INT_CONVERSION = YES;
				CLANG_WARN__DUPLICATE_METHOD_MATCH = YES;
				"CODE_SIGN_IDENTITY[sdk=iphoneos*]" = "iPhone Developer";
				COPY_PHASE_STRIP = YES;
				GCC_C_LANGUAGE_STANDARD = gnu99;
				GCC_WARN_ABOUT_RETURN_TYPE = YES;
				GCC_WARN_UNINITIALIZED_AUTOS = YES;
				GCC_WARN_UNUSED_VARIABLE = YES;
				IPHONEOS_DEPLOYMENT_TARGET = 6.1;
				OTHER_CFLAGS = "-DNS_BLOCK_ASSERTIONS=1";
				PUBLIC_HEADERS_FOLDER_PATH = "$(TARGET_NAME)";
				SDKROOT = iphoneos;
				TARGETED_DEVICE_FAMILY = 2;
				VALIDATE_PRODUCT = YES;
			};
			name = Release;
		};
		57B3001F177AD9BC00775FC9 /* Debug */ = {
			isa = XCBuildConfiguration;
			buildSettings = {
				GCC_PRECOMPILE_PREFIX_HEADER = YES;
				GCC_PREFIX_HEADER = "JoinShow/JoinShow-Prefix.pch";
				INFOPLIST_FILE = "JoinShow/JoinShow-Info.plist";
				LIBRARY_SEARCH_PATHS = (
					"$(inherited)",
					"\"$(SRCROOT)/../XYQuickDevelop/External/Utilities/UMAnalytics_Sdk_2.2.0.OpenUDID\"",
				);
				PRODUCT_NAME = "$(TARGET_NAME)";
				WRAPPER_EXTENSION = app;
			};
			name = Debug;
		};
		57B30020177AD9BC00775FC9 /* Release */ = {
			isa = XCBuildConfiguration;
			buildSettings = {
				GCC_PRECOMPILE_PREFIX_HEADER = YES;
				GCC_PREFIX_HEADER = "JoinShow/JoinShow-Prefix.pch";
				INFOPLIST_FILE = "JoinShow/JoinShow-Info.plist";
				LIBRARY_SEARCH_PATHS = (
					"$(inherited)",
					"\"$(SRCROOT)/../XYQuickDevelop/External/Utilities/UMAnalytics_Sdk_2.2.0.OpenUDID\"",
				);
				PRODUCT_NAME = "$(TARGET_NAME)";
				WRAPPER_EXTENSION = app;
			};
			name = Release;
		};
		57B30022177AD9BC00775FC9 /* Debug */ = {
			isa = XCBuildConfiguration;
			buildSettings = {
				BUNDLE_LOADER = "$(BUILT_PRODUCTS_DIR)/JoinShow.app/JoinShow";
				FRAMEWORK_SEARCH_PATHS = (
					"\"$(SDKROOT)/Developer/Library/Frameworks\"",
					"\"$(DEVELOPER_LIBRARY_DIR)/Frameworks\"",
				);
				GCC_PRECOMPILE_PREFIX_HEADER = YES;
				GCC_PREFIX_HEADER = "JoinShow/JoinShow-Prefix.pch";
				INFOPLIST_FILE = "JoinShowTests/JoinShowTests-Info.plist";
				PRODUCT_NAME = "$(TARGET_NAME)";
				TEST_HOST = "$(BUNDLE_LOADER)";
				WRAPPER_EXTENSION = octest;
			};
			name = Debug;
		};
		57B30023177AD9BC00775FC9 /* Release */ = {
			isa = XCBuildConfiguration;
			buildSettings = {
				BUNDLE_LOADER = "$(BUILT_PRODUCTS_DIR)/JoinShow.app/JoinShow";
				FRAMEWORK_SEARCH_PATHS = (
					"\"$(SDKROOT)/Developer/Library/Frameworks\"",
					"\"$(DEVELOPER_LIBRARY_DIR)/Frameworks\"",
				);
				GCC_PRECOMPILE_PREFIX_HEADER = YES;
				GCC_PREFIX_HEADER = "JoinShow/JoinShow-Prefix.pch";
				INFOPLIST_FILE = "JoinShowTests/JoinShowTests-Info.plist";
				PRODUCT_NAME = "$(TARGET_NAME)";
				TEST_HOST = "$(BUNDLE_LOADER)";
				WRAPPER_EXTENSION = octest;
			};
			name = Release;
		};
/* End XCBuildConfiguration section */

/* Begin XCConfigurationList section */
		57B3001E177AD9BC00775FC9 /* Build configuration list for PBXNativeTarget "JoinShow" */ = {
			isa = XCConfigurationList;
			buildConfigurations = (
				57B3001F177AD9BC00775FC9 /* Debug */,
				57B30020177AD9BC00775FC9 /* Release */,
			);
			defaultConfigurationIsVisible = 0;
			defaultConfigurationName = Release;
		};
		57B30021177AD9BC00775FC9 /* Build configuration list for PBXNativeTarget "JoinShowTests" */ = {
			isa = XCConfigurationList;
			buildConfigurations = (
				57B30022177AD9BC00775FC9 /* Debug */,
				57B30023177AD9BC00775FC9 /* Release */,
			);
			defaultConfigurationIsVisible = 0;
			defaultConfigurationName = Release;
		};
		57B3FFE1177AD9BC00775FC9 /* Build configuration list for PBXProject "JoinShow" */ = {
			isa = XCConfigurationList;
			buildConfigurations = (
				57B3001C177AD9BC00775FC9 /* Debug */,
				57B3001D177AD9BC00775FC9 /* Release */,
			);
			defaultConfigurationIsVisible = 0;
			defaultConfigurationName = Release;
		};
/* End XCConfigurationList section */
	};
	rootObject = 57B3FFDE177AD9BC00775FC9 /* Project object */;
}
