// !$*UTF8*$!
{
	archiveVersion = 1;
	classes = {
	};
	objectVersion = 46;
	objects = {

/* Begin PBXBuildFile section */
		579ECE0017A8E85400687AF2 /* UIView+XY.m in Sources */ = {isa = PBXBuildFile; fileRef = 579ECDD817A8E85400687AF2 /* UIView+XY.m */; };
		579ECE0117A8E85400687AF2 /* UIView+XY.m in Sources */ = {isa = PBXBuildFile; fileRef = 579ECDD817A8E85400687AF2 /* UIView+XY.m */; };
		579ECE0217A8E85400687AF2 /* BUIControl.m in Sources */ = {isa = PBXBuildFile; fileRef = 579ECDDE17A8E85400687AF2 /* BUIControl.m */; };
		579ECE0317A8E85400687AF2 /* BUIControl.m in Sources */ = {isa = PBXBuildFile; fileRef = 579ECDDE17A8E85400687AF2 /* BUIControl.m */; };
		579ECE0417A8E85400687AF2 /* BUIView.m in Sources */ = {isa = PBXBuildFile; fileRef = 579ECDE017A8E85400687AF2 /* BUIView.m */; };
		579ECE0517A8E85400687AF2 /* BUIView.m in Sources */ = {isa = PBXBuildFile; fileRef = 579ECDE017A8E85400687AF2 /* BUIView.m */; };
		579ECE0617A8E85400687AF2 /* MBProgressHUD.m in Sources */ = {isa = PBXBuildFile; fileRef = 579ECDE317A8E85400687AF2 /* MBProgressHUD.m */; };
		579ECE0717A8E85400687AF2 /* MBProgressHUD.m in Sources */ = {isa = PBXBuildFile; fileRef = 579ECDE317A8E85400687AF2 /* MBProgressHUD.m */; };
		579ECE0817A8E85400687AF2 /* RTLabel.m in Sources */ = {isa = PBXBuildFile; fileRef = 579ECDE617A8E85400687AF2 /* RTLabel.m */; settings = {COMPILER_FLAGS = "-fobjc-arc"; }; };
		579ECE0917A8E85400687AF2 /* RTLabel.m in Sources */ = {isa = PBXBuildFile; fileRef = 579ECDE617A8E85400687AF2 /* RTLabel.m */; };
		579ECE0A17A8E85400687AF2 /* OpenUDID.m in Sources */ = {isa = PBXBuildFile; fileRef = 579ECDEA17A8E85400687AF2 /* OpenUDID.m */; };
		579ECE0B17A8E85400687AF2 /* OpenUDID.m in Sources */ = {isa = PBXBuildFile; fileRef = 579ECDEA17A8E85400687AF2 /* OpenUDID.m */; };
		579ECE0C17A8E85400687AF2 /* SDDataCacheManager.m in Sources */ = {isa = PBXBuildFile; fileRef = 579ECDED17A8E85400687AF2 /* SDDataCacheManager.m */; settings = {COMPILER_FLAGS = "-fobjc-arc"; }; };
		579ECE0D17A8E85400687AF2 /* SDDataCacheManager.m in Sources */ = {isa = PBXBuildFile; fileRef = 579ECDED17A8E85400687AF2 /* SDDataCacheManager.m */; };
		579ECE0E17A8E85400687AF2 /* SDImageView+SDWebCache.m in Sources */ = {isa = PBXBuildFile; fileRef = 579ECDEF17A8E85400687AF2 /* SDImageView+SDWebCache.m */; settings = {COMPILER_FLAGS = "-fobjc-arc"; }; };
		579ECE0F17A8E85400687AF2 /* SDImageView+SDWebCache.m in Sources */ = {isa = PBXBuildFile; fileRef = 579ECDEF17A8E85400687AF2 /* SDImageView+SDWebCache.m */; };
		579ECE1017A8E85400687AF2 /* SDNetworkActivityIndicator.m in Sources */ = {isa = PBXBuildFile; fileRef = 579ECDF117A8E85400687AF2 /* SDNetworkActivityIndicator.m */; settings = {COMPILER_FLAGS = "-fobjc-arc"; }; };
		579ECE1117A8E85400687AF2 /* SDNetworkActivityIndicator.m in Sources */ = {isa = PBXBuildFile; fileRef = 579ECDF117A8E85400687AF2 /* SDNetworkActivityIndicator.m */; };
		579ECE1217A8E85400687AF2 /* SDWebDataDownloader.m in Sources */ = {isa = PBXBuildFile; fileRef = 579ECDF317A8E85400687AF2 /* SDWebDataDownloader.m */; settings = {COMPILER_FLAGS = "-fobjc-arc"; }; };
		579ECE1317A8E85400687AF2 /* SDWebDataDownloader.m in Sources */ = {isa = PBXBuildFile; fileRef = 579ECDF317A8E85400687AF2 /* SDWebDataDownloader.m */; };
		579ECE1417A8E85400687AF2 /* SDWebDataManager.m in Sources */ = {isa = PBXBuildFile; fileRef = 579ECDF517A8E85400687AF2 /* SDWebDataManager.m */; settings = {COMPILER_FLAGS = "-fobjc-arc"; }; };
		579ECE1517A8E85400687AF2 /* SDWebDataManager.m in Sources */ = {isa = PBXBuildFile; fileRef = 579ECDF517A8E85400687AF2 /* SDWebDataManager.m */; };
		579ECE1817A8E85400687AF2 /* XYFunction.m in Sources */ = {isa = PBXBuildFile; fileRef = 579ECDFC17A8E85400687AF2 /* XYFunction.m */; };
		579ECE1917A8E85400687AF2 /* XYFunction.m in Sources */ = {isa = PBXBuildFile; fileRef = 579ECDFC17A8E85400687AF2 /* XYFunction.m */; };
		579ECE1A17A8E85400687AF2 /* XYThread.m in Sources */ = {isa = PBXBuildFile; fileRef = 579ECDFF17A8E85400687AF2 /* XYThread.m */; };
		579ECE1B17A8E85400687AF2 /* XYThread.m in Sources */ = {isa = PBXBuildFile; fileRef = 579ECDFF17A8E85400687AF2 /* XYThread.m */; };
		579ECE1D17A8E90B00687AF2 /* CoreText.framework in Frameworks */ = {isa = PBXBuildFile; fileRef = 579ECE1C17A8E90B00687AF2 /* CoreText.framework */; };
		579ECE2017A8EF8A00687AF2 /* TestView.m in Sources */ = {isa = PBXBuildFile; fileRef = 579ECE1F17A8EF8900687AF2 /* TestView.m */; };
		579ECE2117A8EF8A00687AF2 /* TestView.m in Sources */ = {isa = PBXBuildFile; fileRef = 579ECE1F17A8EF8900687AF2 /* TestView.m */; };
		579ECE2417A911B000687AF2 /* Test2View.m in Sources */ = {isa = PBXBuildFile; fileRef = 579ECE2317A911AF00687AF2 /* Test2View.m */; };
		579ECE2517A911B000687AF2 /* Test2View.m in Sources */ = {isa = PBXBuildFile; fileRef = 579ECE2317A911AF00687AF2 /* Test2View.m */; };
		579ECE2B17A9236600687AF2 /* NSObject+XY.m in Sources */ = {isa = PBXBuildFile; fileRef = 579ECE2A17A9236600687AF2 /* NSObject+XY.m */; };
		579ECE2C17A9236600687AF2 /* NSObject+XY.m in Sources */ = {isa = PBXBuildFile; fileRef = 579ECE2A17A9236600687AF2 /* NSObject+XY.m */; };
		57B30000177AD9BC00775FC9 /* Default-568h@2x.png in Resources */ = {isa = PBXBuildFile; fileRef = 57B3FFFF177AD9BC00775FC9 /* Default-568h@2x.png */; };
		57B30003177AD9BC00775FC9 /* ViewController.m in Sources */ = {isa = PBXBuildFile; fileRef = 57B30002177AD9BC00775FC9 /* ViewController.m */; };
		57B30006177AD9BC00775FC9 /* ViewController.xib in Resources */ = {isa = PBXBuildFile; fileRef = 57B30004177AD9BC00775FC9 /* ViewController.xib */; };
		57B3000E177AD9BC00775FC9 /* SenTestingKit.framework in Frameworks */ = {isa = PBXBuildFile; fileRef = 57B3000D177AD9BC00775FC9 /* SenTestingKit.framework */; };
		57B3000F177AD9BC00775FC9 /* UIKit.framework in Frameworks */ = {isa = PBXBuildFile; fileRef = 57B3FFE9177AD9BC00775FC9 /* UIKit.framework */; };
		57B30010177AD9BC00775FC9 /* Foundation.framework in Frameworks */ = {isa = PBXBuildFile; fileRef = 57B3FFEB177AD9BC00775FC9 /* Foundation.framework */; };
		57B30018177AD9BC00775FC9 /* InfoPlist.strings in Resources */ = {isa = PBXBuildFile; fileRef = 57B30016177AD9BC00775FC9 /* InfoPlist.strings */; };
		57B3001B177AD9BC00775FC9 /* JoinShowTests.m in Sources */ = {isa = PBXBuildFile; fileRef = 57B3001A177AD9BC00775FC9 /* JoinShowTests.m */; };
		57B3FFEA177AD9BC00775FC9 /* UIKit.framework in Frameworks */ = {isa = PBXBuildFile; fileRef = 57B3FFE9177AD9BC00775FC9 /* UIKit.framework */; };
		57B3FFEC177AD9BC00775FC9 /* Foundation.framework in Frameworks */ = {isa = PBXBuildFile; fileRef = 57B3FFEB177AD9BC00775FC9 /* Foundation.framework */; };
		57B3FFEE177AD9BC00775FC9 /* CoreGraphics.framework in Frameworks */ = {isa = PBXBuildFile; fileRef = 57B3FFED177AD9BC00775FC9 /* CoreGraphics.framework */; };
		57B3FFF4177AD9BC00775FC9 /* InfoPlist.strings in Resources */ = {isa = PBXBuildFile; fileRef = 57B3FFF2177AD9BC00775FC9 /* InfoPlist.strings */; };
		57B3FFF6177AD9BC00775FC9 /* main.m in Sources */ = {isa = PBXBuildFile; fileRef = 57B3FFF5177AD9BC00775FC9 /* main.m */; };
		57B3FFFA177AD9BC00775FC9 /* AppDelegate.m in Sources */ = {isa = PBXBuildFile; fileRef = 57B3FFF9177AD9BC00775FC9 /* AppDelegate.m */; };
		57B3FFFC177AD9BC00775FC9 /* Default.png in Resources */ = {isa = PBXBuildFile; fileRef = 57B3FFFB177AD9BC00775FC9 /* Default.png */; };
		57B3FFFE177AD9BC00775FC9 /* Default@2x.png in Resources */ = {isa = PBXBuildFile; fileRef = 57B3FFFD177AD9BC00775FC9 /* Default@2x.png */; };
/* End PBXBuildFile section */

/* Begin PBXContainerItemProxy section */
		57B30011177AD9BC00775FC9 /* PBXContainerItemProxy */ = {
			isa = PBXContainerItemProxy;
			containerPortal = 57B3FFDE177AD9BC00775FC9 /* Project object */;
			proxyType = 1;
			remoteGlobalIDString = 57B3FFE5177AD9BC00775FC9;
			remoteInfo = JoinShow;
		};
/* End PBXContainerItemProxy section */

/* Begin PBXFileReference section */
		579ECDD517A8E85400687AF2 /* CommonDefine.h */ = {isa = PBXFileReference; fileEncoding = 4; lastKnownFileType = sourcecode.c.h; path = CommonDefine.h; sourceTree = "<group>"; };
		579ECDD717A8E85400687AF2 /* UIView+XY.h */ = {isa = PBXFileReference; fileEncoding = 4; lastKnownFileType = sourcecode.c.h; path = "UIView+XY.h"; sourceTree = "<group>"; };
		579ECDD817A8E85400687AF2 /* UIView+XY.m */ = {isa = PBXFileReference; fileEncoding = 4; lastKnownFileType = sourcecode.c.objc; path = "UIView+XY.m"; sourceTree = "<group>"; };
		579ECDDC17A8E85400687AF2 /* BlockUI.h */ = {isa = PBXFileReference; fileEncoding = 4; lastKnownFileType = sourcecode.c.h; path = BlockUI.h; sourceTree = "<group>"; };
		579ECDDD17A8E85400687AF2 /* BUIControl.h */ = {isa = PBXFileReference; fileEncoding = 4; lastKnownFileType = sourcecode.c.h; path = BUIControl.h; sourceTree = "<group>"; };
		579ECDDE17A8E85400687AF2 /* BUIControl.m */ = {isa = PBXFileReference; fileEncoding = 4; lastKnownFileType = sourcecode.c.objc; path = BUIControl.m; sourceTree = "<group>"; };
		579ECDDF17A8E85400687AF2 /* BUIView.h */ = {isa = PBXFileReference; fileEncoding = 4; lastKnownFileType = sourcecode.c.h; path = BUIView.h; sourceTree = "<group>"; };
		579ECDE017A8E85400687AF2 /* BUIView.m */ = {isa = PBXFileReference; fileEncoding = 4; lastKnownFileType = sourcecode.c.objc; path = BUIView.m; sourceTree = "<group>"; };
		579ECDE217A8E85400687AF2 /* MBProgressHUD.h */ = {isa = PBXFileReference; fileEncoding = 4; lastKnownFileType = sourcecode.c.h; path = MBProgressHUD.h; sourceTree = "<group>"; };
		579ECDE317A8E85400687AF2 /* MBProgressHUD.m */ = {isa = PBXFileReference; fileEncoding = 4; lastKnownFileType = sourcecode.c.objc; path = MBProgressHUD.m; sourceTree = "<group>"; };
		579ECDE517A8E85400687AF2 /* RTLabel.h */ = {isa = PBXFileReference; fileEncoding = 4; lastKnownFileType = sourcecode.c.h; path = RTLabel.h; sourceTree = "<group>"; };
		579ECDE617A8E85400687AF2 /* RTLabel.m */ = {isa = PBXFileReference; fileEncoding = 4; lastKnownFileType = sourcecode.c.objc; path = RTLabel.m; sourceTree = "<group>"; };
		579ECDE917A8E85400687AF2 /* OpenUDID.h */ = {isa = PBXFileReference; fileEncoding = 4; lastKnownFileType = sourcecode.c.h; path = OpenUDID.h; sourceTree = "<group>"; };
		579ECDEA17A8E85400687AF2 /* OpenUDID.m */ = {isa = PBXFileReference; fileEncoding = 4; lastKnownFileType = sourcecode.c.objc; path = OpenUDID.m; sourceTree = "<group>"; };
		579ECDEC17A8E85400687AF2 /* SDDataCacheManager.h */ = {isa = PBXFileReference; fileEncoding = 4; lastKnownFileType = sourcecode.c.h; path = SDDataCacheManager.h; sourceTree = "<group>"; };
		579ECDED17A8E85400687AF2 /* SDDataCacheManager.m */ = {isa = PBXFileReference; fileEncoding = 4; lastKnownFileType = sourcecode.c.objc; path = SDDataCacheManager.m; sourceTree = "<group>"; };
		579ECDEE17A8E85400687AF2 /* SDImageView+SDWebCache.h */ = {isa = PBXFileReference; fileEncoding = 4; lastKnownFileType = sourcecode.c.h; path = "SDImageView+SDWebCache.h"; sourceTree = "<group>"; };
		579ECDEF17A8E85400687AF2 /* SDImageView+SDWebCache.m */ = {isa = PBXFileReference; fileEncoding = 4; lastKnownFileType = sourcecode.c.objc; path = "SDImageView+SDWebCache.m"; sourceTree = "<group>"; };
		579ECDF017A8E85400687AF2 /* SDNetworkActivityIndicator.h */ = {isa = PBXFileReference; fileEncoding = 4; lastKnownFileType = sourcecode.c.h; path = SDNetworkActivityIndicator.h; sourceTree = "<group>"; };
		579ECDF117A8E85400687AF2 /* SDNetworkActivityIndicator.m */ = {isa = PBXFileReference; fileEncoding = 4; lastKnownFileType = sourcecode.c.objc; path = SDNetworkActivityIndicator.m; sourceTree = "<group>"; };
		579ECDF217A8E85400687AF2 /* SDWebDataDownloader.h */ = {isa = PBXFileReference; fileEncoding = 4; lastKnownFileType = sourcecode.c.h; path = SDWebDataDownloader.h; sourceTree = "<group>"; };
		579ECDF317A8E85400687AF2 /* SDWebDataDownloader.m */ = {isa = PBXFileReference; fileEncoding = 4; lastKnownFileType = sourcecode.c.objc; path = SDWebDataDownloader.m; sourceTree = "<group>"; };
		579ECDF417A8E85400687AF2 /* SDWebDataManager.h */ = {isa = PBXFileReference; fileEncoding = 4; lastKnownFileType = sourcecode.c.h; path = SDWebDataManager.h; sourceTree = "<group>"; };
		579ECDF517A8E85400687AF2 /* SDWebDataManager.m */ = {isa = PBXFileReference; fileEncoding = 4; lastKnownFileType = sourcecode.c.objc; path = SDWebDataManager.m; sourceTree = "<group>"; };
		579ECDF617A8E85400687AF2 /* SDWebImageCompatibly.h */ = {isa = PBXFileReference; fileEncoding = 4; lastKnownFileType = sourcecode.c.h; path = SDWebImageCompatibly.h; sourceTree = "<group>"; };
		579ECDFA17A8E85400687AF2 /* XYCommon.h */ = {isa = PBXFileReference; fileEncoding = 4; lastKnownFileType = sourcecode.c.h; path = XYCommon.h; sourceTree = "<group>"; };
		579ECDFB17A8E85400687AF2 /* XYFunction.h */ = {isa = PBXFileReference; fileEncoding = 4; lastKnownFileType = sourcecode.c.h; path = XYFunction.h; sourceTree = "<group>"; };
		579ECDFC17A8E85400687AF2 /* XYFunction.m */ = {isa = PBXFileReference; fileEncoding = 4; lastKnownFileType = sourcecode.c.objc; path = XYFunction.m; sourceTree = "<group>"; };
		579ECDFD17A8E85400687AF2 /* XYPrecompile.h */ = {isa = PBXFileReference; fileEncoding = 4; lastKnownFileType = sourcecode.c.h; path = XYPrecompile.h; sourceTree = "<group>"; };
		579ECDFE17A8E85400687AF2 /* XYThread.h */ = {isa = PBXFileReference; fileEncoding = 4; lastKnownFileType = sourcecode.c.h; path = XYThread.h; sourceTree = "<group>"; };
		579ECDFF17A8E85400687AF2 /* XYThread.m */ = {isa = PBXFileReference; fileEncoding = 4; lastKnownFileType = sourcecode.c.objc; path = XYThread.m; sourceTree = "<group>"; };
		579ECE1C17A8E90B00687AF2 /* CoreText.framework */ = {isa = PBXFileReference; lastKnownFileType = wrapper.framework; name = CoreText.framework; path = System/Library/Frameworks/CoreText.framework; sourceTree = SDKROOT; };
		579ECE1E17A8EF8900687AF2 /* TestView.h */ = {isa = PBXFileReference; fileEncoding = 4; lastKnownFileType = sourcecode.c.h; path = TestView.h; sourceTree = "<group>"; };
		579ECE1F17A8EF8900687AF2 /* TestView.m */ = {isa = PBXFileReference; fileEncoding = 4; lastKnownFileType = sourcecode.c.objc; path = TestView.m; sourceTree = "<group>"; };
		579ECE2217A911AF00687AF2 /* Test2View.h */ = {isa = PBXFileReference; fileEncoding = 4; lastKnownFileType = sourcecode.c.h; path = Test2View.h; sourceTree = "<group>"; };
		579ECE2317A911AF00687AF2 /* Test2View.m */ = {isa = PBXFileReference; fileEncoding = 4; lastKnownFileType = sourcecode.c.objc; path = Test2View.m; sourceTree = "<group>"; };
		579ECE2917A9236600687AF2 /* NSObject+XY.h */ = {isa = PBXFileReference; fileEncoding = 4; lastKnownFileType = sourcecode.c.h; path = "NSObject+XY.h"; sourceTree = "<group>"; };
		579ECE2A17A9236600687AF2 /* NSObject+XY.m */ = {isa = PBXFileReference; fileEncoding = 4; lastKnownFileType = sourcecode.c.objc; path = "NSObject+XY.m"; sourceTree = "<group>"; };
		579ECE2D17A923DA00687AF2 /* XYExtension.h */ = {isa = PBXFileReference; fileEncoding = 4; lastKnownFileType = sourcecode.c.h; path = XYExtension.h; sourceTree = "<group>"; };
		57B30001177AD9BC00775FC9 /* ViewController.h */ = {isa = PBXFileReference; lastKnownFileType = sourcecode.c.h; path = ViewController.h; sourceTree = "<group>"; };
		57B30002177AD9BC00775FC9 /* ViewController.m */ = {isa = PBXFileReference; lastKnownFileType = sourcecode.c.objc; path = ViewController.m; sourceTree = "<group>"; };
		57B30005177AD9BC00775FC9 /* en */ = {isa = PBXFileReference; lastKnownFileType = file.xib; name = en; path = en.lproj/ViewController.xib; sourceTree = "<group>"; };
		57B3000C177AD9BC00775FC9 /* JoinShowTests.octest */ = {isa = PBXFileReference; explicitFileType = wrapper.cfbundle; includeInIndex = 0; path = JoinShowTests.octest; sourceTree = BUILT_PRODUCTS_DIR; };
		57B3000D177AD9BC00775FC9 /* SenTestingKit.framework */ = {isa = PBXFileReference; lastKnownFileType = wrapper.framework; name = SenTestingKit.framework; path = Library/Frameworks/SenTestingKit.framework; sourceTree = DEVELOPER_DIR; };
		57B30015177AD9BC00775FC9 /* JoinShowTests-Info.plist */ = {isa = PBXFileReference; lastKnownFileType = text.plist.xml; path = "JoinShowTests-Info.plist"; sourceTree = "<group>"; };
		57B30017177AD9BC00775FC9 /* en */ = {isa = PBXFileReference; lastKnownFileType = text.plist.strings; name = en; path = en.lproj/InfoPlist.strings; sourceTree = "<group>"; };
		57B30019177AD9BC00775FC9 /* JoinShowTests.h */ = {isa = PBXFileReference; lastKnownFileType = sourcecode.c.h; path = JoinShowTests.h; sourceTree = "<group>"; };
		57B3001A177AD9BC00775FC9 /* JoinShowTests.m */ = {isa = PBXFileReference; lastKnownFileType = sourcecode.c.objc; path = JoinShowTests.m; sourceTree = "<group>"; };
		57B3FFE6177AD9BC00775FC9 /* JoinShow.app */ = {isa = PBXFileReference; explicitFileType = wrapper.application; includeInIndex = 0; path = JoinShow.app; sourceTree = BUILT_PRODUCTS_DIR; };
		57B3FFE9177AD9BC00775FC9 /* UIKit.framework */ = {isa = PBXFileReference; lastKnownFileType = wrapper.framework; name = UIKit.framework; path = System/Library/Frameworks/UIKit.framework; sourceTree = SDKROOT; };
		57B3FFEB177AD9BC00775FC9 /* Foundation.framework */ = {isa = PBXFileReference; lastKnownFileType = wrapper.framework; name = Foundation.framework; path = System/Library/Frameworks/Foundation.framework; sourceTree = SDKROOT; };
		57B3FFED177AD9BC00775FC9 /* CoreGraphics.framework */ = {isa = PBXFileReference; lastKnownFileType = wrapper.framework; name = CoreGraphics.framework; path = System/Library/Frameworks/CoreGraphics.framework; sourceTree = SDKROOT; };
		57B3FFF1177AD9BC00775FC9 /* JoinShow-Info.plist */ = {isa = PBXFileReference; lastKnownFileType = text.plist.xml; path = "JoinShow-Info.plist"; sourceTree = "<group>"; };
		57B3FFF3177AD9BC00775FC9 /* en */ = {isa = PBXFileReference; lastKnownFileType = text.plist.strings; name = en; path = en.lproj/InfoPlist.strings; sourceTree = "<group>"; };
		57B3FFF5177AD9BC00775FC9 /* main.m */ = {isa = PBXFileReference; lastKnownFileType = sourcecode.c.objc; path = main.m; sourceTree = "<group>"; };
		57B3FFF7177AD9BC00775FC9 /* JoinShow-Prefix.pch */ = {isa = PBXFileReference; lastKnownFileType = sourcecode.c.h; path = "JoinShow-Prefix.pch"; sourceTree = "<group>"; };
		57B3FFF8177AD9BC00775FC9 /* AppDelegate.h */ = {isa = PBXFileReference; lastKnownFileType = sourcecode.c.h; path = AppDelegate.h; sourceTree = "<group>"; };
		57B3FFF9177AD9BC00775FC9 /* AppDelegate.m */ = {isa = PBXFileReference; lastKnownFileType = sourcecode.c.objc; path = AppDelegate.m; sourceTree = "<group>"; };
		57B3FFFB177AD9BC00775FC9 /* Default.png */ = {isa = PBXFileReference; lastKnownFileType = image.png; path = Default.png; sourceTree = "<group>"; };
		57B3FFFD177AD9BC00775FC9 /* Default@2x.png */ = {isa = PBXFileReference; lastKnownFileType = image.png; path = "Default@2x.png"; sourceTree = "<group>"; };
		57B3FFFF177AD9BC00775FC9 /* Default-568h@2x.png */ = {isa = PBXFileReference; lastKnownFileType = image.png; path = "Default-568h@2x.png"; sourceTree = "<group>"; };
		57BE887117AA2BB100FCD864 /* lib-Prefix.pch */ = {isa = PBXFileReference; lastKnownFileType = sourcecode.c.h; path = "lib-Prefix.pch"; sourceTree = "<group>"; };
		57BE88A317AA2E9400FCD864 /* XYQuickDevelop-Prefix.pch */ = {isa = PBXFileReference; lastKnownFileType = sourcecode.c.h; path = "XYQuickDevelop-Prefix.pch"; sourceTree = "<group>"; };
		57BE88A417AA2E9400FCD864 /* XYQuickDevelop.h */ = {isa = PBXFileReference; lastKnownFileType = sourcecode.c.h; path = XYQuickDevelop.h; sourceTree = "<group>"; };
		57BE88A617AA2E9400FCD864 /* XYQuickDevelop.m */ = {isa = PBXFileReference; lastKnownFileType = sourcecode.c.objc; path = XYQuickDevelop.m; sourceTree = "<group>"; };
/* End PBXFileReference section */

/* Begin PBXFrameworksBuildPhase section */
		57B30008177AD9BC00775FC9 /* Frameworks */ = {
			isa = PBXFrameworksBuildPhase;
			buildActionMask = 2147483647;
			files = (
				57B3000E177AD9BC00775FC9 /* SenTestingKit.framework in Frameworks */,
				57B3000F177AD9BC00775FC9 /* UIKit.framework in Frameworks */,
				57B30010177AD9BC00775FC9 /* Foundation.framework in Frameworks */,
			);
			runOnlyForDeploymentPostprocessing = 0;
		};
		57B3FFE3177AD9BC00775FC9 /* Frameworks */ = {
			isa = PBXFrameworksBuildPhase;
			buildActionMask = 2147483647;
			files = (
				579ECE1D17A8E90B00687AF2 /* CoreText.framework in Frameworks */,
				57B3FFEA177AD9BC00775FC9 /* UIKit.framework in Frameworks */,
				57B3FFEC177AD9BC00775FC9 /* Foundation.framework in Frameworks */,
				57B3FFEE177AD9BC00775FC9 /* CoreGraphics.framework in Frameworks */,
			);
			runOnlyForDeploymentPostprocessing = 0;
		};
/* End PBXFrameworksBuildPhase section */

/* Begin PBXGroup section */
		579ECDD417A8E85400687AF2 /* XYQuickDevelop */ = {
			isa = PBXGroup;
			children = (
				579ECDD517A8E85400687AF2 /* CommonDefine.h */,
				579ECDD617A8E85400687AF2 /* Extension */,
				579ECDD917A8E85400687AF2 /* External */,
				579ECDFA17A8E85400687AF2 /* XYCommon.h */,
				579ECDFB17A8E85400687AF2 /* XYFunction.h */,
				579ECDFC17A8E85400687AF2 /* XYFunction.m */,
				579ECDFD17A8E85400687AF2 /* XYPrecompile.h */,
				579ECDFE17A8E85400687AF2 /* XYThread.h */,
				579ECDFF17A8E85400687AF2 /* XYThread.m */,
			);
			name = XYQuickDevelop;
			path = ../../XYQuickDevelop;
			sourceTree = "<group>";
		};
		579ECDD617A8E85400687AF2 /* Extension */ = {
			isa = PBXGroup;
			children = (
				579ECDD717A8E85400687AF2 /* UIView+XY.h */,
				579ECDD817A8E85400687AF2 /* UIView+XY.m */,
				579ECE2917A9236600687AF2 /* NSObject+XY.h */,
				579ECE2A17A9236600687AF2 /* NSObject+XY.m */,
				579ECE2D17A923DA00687AF2 /* XYExtension.h */,
			);
			path = Extension;
			sourceTree = "<group>";
		};
		579ECDD917A8E85400687AF2 /* External */ = {
			isa = PBXGroup;
			children = (
				579ECDDA17A8E85400687AF2 /* UI */,
				579ECDE717A8E85400687AF2 /* Utilities */,
			);
			path = External;
			sourceTree = "<group>";
		};
		579ECDDA17A8E85400687AF2 /* UI */ = {
			isa = PBXGroup;
			children = (
				579ECDDB17A8E85400687AF2 /* BlockUI */,
				579ECDE117A8E85400687AF2 /* MBProgressHUD */,
				579ECDE417A8E85400687AF2 /* RTLabel */,
			);
			path = UI;
			sourceTree = "<group>";
		};
		579ECDDB17A8E85400687AF2 /* BlockUI */ = {
			isa = PBXGroup;
			children = (
				579ECDDC17A8E85400687AF2 /* BlockUI.h */,
				579ECDDD17A8E85400687AF2 /* BUIControl.h */,
				579ECDDE17A8E85400687AF2 /* BUIControl.m */,
				579ECDDF17A8E85400687AF2 /* BUIView.h */,
				579ECDE017A8E85400687AF2 /* BUIView.m */,
			);
			path = BlockUI;
			sourceTree = "<group>";
		};
		579ECDE117A8E85400687AF2 /* MBProgressHUD */ = {
			isa = PBXGroup;
			children = (
				579ECDE217A8E85400687AF2 /* MBProgressHUD.h */,
				579ECDE317A8E85400687AF2 /* MBProgressHUD.m */,
			);
			path = MBProgressHUD;
			sourceTree = "<group>";
		};
		579ECDE417A8E85400687AF2 /* RTLabel */ = {
			isa = PBXGroup;
			children = (
				579ECDE517A8E85400687AF2 /* RTLabel.h */,
				579ECDE617A8E85400687AF2 /* RTLabel.m */,
			);
			path = RTLabel;
			sourceTree = "<group>";
		};
		579ECDE717A8E85400687AF2 /* Utilities */ = {
			isa = PBXGroup;
			children = (
				579ECDE817A8E85400687AF2 /* OpenUDID */,
				579ECDEB17A8E85400687AF2 /* SDWebData_1.1.1 */,
			);
			path = Utilities;
			sourceTree = "<group>";
		};
		579ECDE817A8E85400687AF2 /* OpenUDID */ = {
			isa = PBXGroup;
			children = (
				579ECDE917A8E85400687AF2 /* OpenUDID.h */,
				579ECDEA17A8E85400687AF2 /* OpenUDID.m */,
			);
			path = OpenUDID;
			sourceTree = "<group>";
		};
		579ECDEB17A8E85400687AF2 /* SDWebData_1.1.1 */ = {
			isa = PBXGroup;
			children = (
				579ECDEC17A8E85400687AF2 /* SDDataCacheManager.h */,
				579ECDED17A8E85400687AF2 /* SDDataCacheManager.m */,
				579ECDEE17A8E85400687AF2 /* SDImageView+SDWebCache.h */,
				579ECDEF17A8E85400687AF2 /* SDImageView+SDWebCache.m */,
				579ECDF017A8E85400687AF2 /* SDNetworkActivityIndicator.h */,
				579ECDF117A8E85400687AF2 /* SDNetworkActivityIndicator.m */,
				579ECDF217A8E85400687AF2 /* SDWebDataDownloader.h */,
				579ECDF317A8E85400687AF2 /* SDWebDataDownloader.m */,
				579ECDF417A8E85400687AF2 /* SDWebDataManager.h */,
				579ECDF517A8E85400687AF2 /* SDWebDataManager.m */,
				579ECDF617A8E85400687AF2 /* SDWebImageCompatibly.h */,
			);
			path = SDWebData_1.1.1;
			sourceTree = "<group>";
		};
		57B30013177AD9BC00775FC9 /* JoinShowTests */ = {
			isa = PBXGroup;
			children = (
				57B30019177AD9BC00775FC9 /* JoinShowTests.h */,
				57B3001A177AD9BC00775FC9 /* JoinShowTests.m */,
				57B30014177AD9BC00775FC9 /* Supporting Files */,
			);
			path = JoinShowTests;
			sourceTree = "<group>";
		};
		57B30014177AD9BC00775FC9 /* Supporting Files */ = {
			isa = PBXGroup;
			children = (
				57B30015177AD9BC00775FC9 /* JoinShowTests-Info.plist */,
				57B30016177AD9BC00775FC9 /* InfoPlist.strings */,
			);
			name = "Supporting Files";
			sourceTree = "<group>";
		};
		57B3FFDD177AD9BC00775FC9 = {
			isa = PBXGroup;
			children = (
				57B3FFEF177AD9BC00775FC9 /* JoinShow */,
				57B30013177AD9BC00775FC9 /* JoinShowTests */,
				57BE886F17AA2BB100FCD864 /* lib */,
				57BE88A117AA2E9300FCD864 /* XYQuickDevelop */,
				57B3FFE8177AD9BC00775FC9 /* Frameworks */,
				57B3FFE7177AD9BC00775FC9 /* Products */,
			);
			sourceTree = "<group>";
		};
		57B3FFE7177AD9BC00775FC9 /* Products */ = {
			isa = PBXGroup;
			children = (
				57B3FFE6177AD9BC00775FC9 /* JoinShow.app */,
				57B3000C177AD9BC00775FC9 /* JoinShowTests.octest */,
			);
			name = Products;
			sourceTree = "<group>";
		};
		57B3FFE8177AD9BC00775FC9 /* Frameworks */ = {
			isa = PBXGroup;
			children = (
				579ECE1C17A8E90B00687AF2 /* CoreText.framework */,
				57B3FFE9177AD9BC00775FC9 /* UIKit.framework */,
				57B3FFEB177AD9BC00775FC9 /* Foundation.framework */,
				57B3FFED177AD9BC00775FC9 /* CoreGraphics.framework */,
				57B3000D177AD9BC00775FC9 /* SenTestingKit.framework */,
			);
			name = Frameworks;
			sourceTree = "<group>";
		};
		57B3FFEF177AD9BC00775FC9 /* JoinShow */ = {
			isa = PBXGroup;
			children = (
				579ECDD417A8E85400687AF2 /* XYQuickDevelop */,
				57B3FFF8177AD9BC00775FC9 /* AppDelegate.h */,
				57B3FFF9177AD9BC00775FC9 /* AppDelegate.m */,
				57B30001177AD9BC00775FC9 /* ViewController.h */,
				57B30002177AD9BC00775FC9 /* ViewController.m */,
				579ECE1E17A8EF8900687AF2 /* TestView.h */,
				579ECE1F17A8EF8900687AF2 /* TestView.m */,
				579ECE2217A911AF00687AF2 /* Test2View.h */,
				579ECE2317A911AF00687AF2 /* Test2View.m */,
				57B30004177AD9BC00775FC9 /* ViewController.xib */,
				57B3FFF0177AD9BC00775FC9 /* Supporting Files */,
			);
			path = JoinShow;
			sourceTree = "<group>";
		};
		57B3FFF0177AD9BC00775FC9 /* Supporting Files */ = {
			isa = PBXGroup;
			children = (
				57B3FFF1177AD9BC00775FC9 /* JoinShow-Info.plist */,
				57B3FFF2177AD9BC00775FC9 /* InfoPlist.strings */,
				57B3FFF5177AD9BC00775FC9 /* main.m */,
				57B3FFF7177AD9BC00775FC9 /* JoinShow-Prefix.pch */,
				57B3FFFB177AD9BC00775FC9 /* Default.png */,
				57B3FFFD177AD9BC00775FC9 /* Default@2x.png */,
				57B3FFFF177AD9BC00775FC9 /* Default-568h@2x.png */,
			);
			name = "Supporting Files";
			sourceTree = "<group>";
		};
		57BE886F17AA2BB100FCD864 /* lib */ = {
			isa = PBXGroup;
			children = (
				57BE887017AA2BB100FCD864 /* Supporting Files */,
			);
			path = lib;
			sourceTree = "<group>";
		};
		57BE887017AA2BB100FCD864 /* Supporting Files */ = {
			isa = PBXGroup;
			children = (
				57BE887117AA2BB100FCD864 /* lib-Prefix.pch */,
			);
			name = "Supporting Files";
			sourceTree = "<group>";
		};
		57BE88A117AA2E9300FCD864 /* XYQuickDevelop */ = {
			isa = PBXGroup;
			children = (
				57BE88A417AA2E9400FCD864 /* XYQuickDevelop.h */,
				57BE88A617AA2E9400FCD864 /* XYQuickDevelop.m */,
				57BE88A217AA2E9400FCD864 /* Supporting Files */,
			);
			path = XYQuickDevelop;
			sourceTree = "<group>";
		};
		57BE88A217AA2E9400FCD864 /* Supporting Files */ = {
			isa = PBXGroup;
			children = (
				57BE88A317AA2E9400FCD864 /* XYQuickDevelop-Prefix.pch */,
			);
			name = "Supporting Files";
			sourceTree = "<group>";
		};
/* End PBXGroup section */

/* Begin PBXNativeTarget section */
		57B3000B177AD9BC00775FC9 /* JoinShowTests */ = {
			isa = PBXNativeTarget;
			buildConfigurationList = 57B30021177AD9BC00775FC9 /* Build configuration list for PBXNativeTarget "JoinShowTests" */;
			buildPhases = (
				57B30007177AD9BC00775FC9 /* Sources */,
				57B30008177AD9BC00775FC9 /* Frameworks */,
				57B30009177AD9BC00775FC9 /* Resources */,
				57B3000A177AD9BC00775FC9 /* ShellScript */,
			);
			buildRules = (
			);
			dependencies = (
				57B30012177AD9BC00775FC9 /* PBXTargetDependency */,
			);
			name = JoinShowTests;
			productName = JoinShowTests;
			productReference = 57B3000C177AD9BC00775FC9 /* JoinShowTests.octest */;
			productType = "com.apple.product-type.bundle";
		};
		57B3FFE5177AD9BC00775FC9 /* JoinShow */ = {
			isa = PBXNativeTarget;
			buildConfigurationList = 57B3001E177AD9BC00775FC9 /* Build configuration list for PBXNativeTarget "JoinShow" */;
			buildPhases = (
				57B3FFE2177AD9BC00775FC9 /* Sources */,
				57B3FFE3177AD9BC00775FC9 /* Frameworks */,
				57B3FFE4177AD9BC00775FC9 /* Resources */,
			);
			buildRules = (
			);
			dependencies = (
			);
			name = JoinShow;
			productName = JoinShow;
			productReference = 57B3FFE6177AD9BC00775FC9 /* JoinShow.app */;
			productType = "com.apple.product-type.application";
		};
/* End PBXNativeTarget section */

/* Begin PBXProject section */
		57B3FFDE177AD9BC00775FC9 /* Project object */ = {
			isa = PBXProject;
			attributes = {
				LastUpgradeCheck = 0460;
				ORGANIZATIONNAME = Heaven;
			};
			buildConfigurationList = 57B3FFE1177AD9BC00775FC9 /* Build configuration list for PBXProject "JoinShow" */;
			compatibilityVersion = "Xcode 3.2";
			developmentRegion = English;
			hasScannedForEncodings = 0;
			knownRegions = (
				en,
			);
			mainGroup = 57B3FFDD177AD9BC00775FC9;
			productRefGroup = 57B3FFE7177AD9BC00775FC9 /* Products */;
			projectDirPath = "";
			projectRoot = "";
			targets = (
				57B3FFE5177AD9BC00775FC9 /* JoinShow */,
				57B3000B177AD9BC00775FC9 /* JoinShowTests */,
			);
		};
/* End PBXProject section */

/* Begin PBXResourcesBuildPhase section */
		57B30009177AD9BC00775FC9 /* Resources */ = {
			isa = PBXResourcesBuildPhase;
			buildActionMask = 2147483647;
			files = (
				57B30018177AD9BC00775FC9 /* InfoPlist.strings in Resources */,
			);
			runOnlyForDeploymentPostprocessing = 0;
		};
		57B3FFE4177AD9BC00775FC9 /* Resources */ = {
			isa = PBXResourcesBuildPhase;
			buildActionMask = 2147483647;
			files = (
				57B3FFF4177AD9BC00775FC9 /* InfoPlist.strings in Resources */,
				57B3FFFC177AD9BC00775FC9 /* Default.png in Resources */,
				57B3FFFE177AD9BC00775FC9 /* Default@2x.png in Resources */,
				57B30000177AD9BC00775FC9 /* Default-568h@2x.png in Resources */,
				57B30006177AD9BC00775FC9 /* ViewController.xib in Resources */,
			);
			runOnlyForDeploymentPostprocessing = 0;
		};
/* End PBXResourcesBuildPhase section */

/* Begin PBXShellScriptBuildPhase section */
		57B3000A177AD9BC00775FC9 /* ShellScript */ = {
			isa = PBXShellScriptBuildPhase;
			buildActionMask = 2147483647;
			files = (
			);
			inputPaths = (
			);
			outputPaths = (
			);
			runOnlyForDeploymentPostprocessing = 0;
			shellPath = /bin/sh;
			shellScript = "# Run the unit tests in this test bundle.\n\"${SYSTEM_DEVELOPER_DIR}/Tools/RunUnitTests\"\n";
		};
/* End PBXShellScriptBuildPhase section */

/* Begin PBXSourcesBuildPhase section */
		57B30007177AD9BC00775FC9 /* Sources */ = {
			isa = PBXSourcesBuildPhase;
			buildActionMask = 2147483647;
			files = (
				57B3001B177AD9BC00775FC9 /* JoinShowTests.m in Sources */,
				579ECE0117A8E85400687AF2 /* UIView+XY.m in Sources */,
				579ECE0317A8E85400687AF2 /* BUIControl.m in Sources */,
				579ECE0517A8E85400687AF2 /* BUIView.m in Sources */,
				579ECE0717A8E85400687AF2 /* MBProgressHUD.m in Sources */,
				579ECE0917A8E85400687AF2 /* RTLabel.m in Sources */,
				579ECE0B17A8E85400687AF2 /* OpenUDID.m in Sources */,
				579ECE0D17A8E85400687AF2 /* SDDataCacheManager.m in Sources */,
				579ECE0F17A8E85400687AF2 /* SDImageView+SDWebCache.m in Sources */,
				579ECE1117A8E85400687AF2 /* SDNetworkActivityIndicator.m in Sources */,
				579ECE1317A8E85400687AF2 /* SDWebDataDownloader.m in Sources */,
				579ECE1517A8E85400687AF2 /* SDWebDataManager.m in Sources */,
				579ECE1917A8E85400687AF2 /* XYFunction.m in Sources */,
				579ECE1B17A8E85400687AF2 /* XYThread.m in Sources */,
				579ECE2117A8EF8A00687AF2 /* TestView.m in Sources */,
				579ECE2517A911B000687AF2 /* Test2View.m in Sources */,
				579ECE2C17A9236600687AF2 /* NSObject+XY.m in Sources */,
			);
			runOnlyForDeploymentPostprocessing = 0;
		};
		57B3FFE2177AD9BC00775FC9 /* Sources */ = {
			isa = PBXSourcesBuildPhase;
			buildActionMask = 2147483647;
			files = (
				57B3FFF6177AD9BC00775FC9 /* main.m in Sources */,
				57B3FFFA177AD9BC00775FC9 /* AppDelegate.m in Sources */,
				57B30003177AD9BC00775FC9 /* ViewController.m in Sources */,
				579ECE0017A8E85400687AF2 /* UIView+XY.m in Sources */,
				579ECE0217A8E85400687AF2 /* BUIControl.m in Sources */,
				579ECE0417A8E85400687AF2 /* BUIView.m in Sources */,
				579ECE0617A8E85400687AF2 /* MBProgressHUD.m in Sources */,
				579ECE0817A8E85400687AF2 /* RTLabel.m in Sources */,
				579ECE0A17A8E85400687AF2 /* OpenUDID.m in Sources */,
				579ECE0C17A8E85400687AF2 /* SDDataCacheManager.m in Sources */,
				579ECE0E17A8E85400687AF2 /* SDImageView+SDWebCache.m in Sources */,
				579ECE1017A8E85400687AF2 /* SDNetworkActivityIndicator.m in Sources */,
				579ECE1217A8E85400687AF2 /* SDWebDataDownloader.m in Sources */,
				579ECE1417A8E85400687AF2 /* SDWebDataManager.m in Sources */,
				579ECE1817A8E85400687AF2 /* XYFunction.m in Sources */,
				579ECE1A17A8E85400687AF2 /* XYThread.m in Sources */,
				579ECE2017A8EF8A00687AF2 /* TestView.m in Sources */,
				579ECE2417A911B000687AF2 /* Test2View.m in Sources */,
				579ECE2B17A9236600687AF2 /* NSObject+XY.m in Sources */,
			);
			runOnlyForDeploymentPostprocessing = 0;
		};
/* End PBXSourcesBuildPhase section */

/* Begin PBXTargetDependency section */
		57B30012177AD9BC00775FC9 /* PBXTargetDependency */ = {
			isa = PBXTargetDependency;
			target = 57B3FFE5177AD9BC00775FC9 /* JoinShow */;
			targetProxy = 57B30011177AD9BC00775FC9 /* PBXContainerItemProxy */;
		};
/* End PBXTargetDependency section */

/* Begin PBXVariantGroup section */
		57B30004177AD9BC00775FC9 /* ViewController.xib */ = {
			isa = PBXVariantGroup;
			children = (
				57B30005177AD9BC00775FC9 /* en */,
			);
			name = ViewController.xib;
			sourceTree = "<group>";
		};
		57B30016177AD9BC00775FC9 /* InfoPlist.strings */ = {
			isa = PBXVariantGroup;
			children = (
				57B30017177AD9BC00775FC9 /* en */,
			);
			name = InfoPlist.strings;
			sourceTree = "<group>";
		};
		57B3FFF2177AD9BC00775FC9 /* InfoPlist.strings */ = {
			isa = PBXVariantGroup;
			children = (
				57B3FFF3177AD9BC00775FC9 /* en */,
			);
			name = InfoPlist.strings;
			sourceTree = "<group>";
		};
/* End PBXVariantGroup section */

/* Begin XCBuildConfiguration section */
		57B3001C177AD9BC00775FC9 /* Debug */ = {
			isa = XCBuildConfiguration;
			buildSettings = {
				ALWAYS_SEARCH_USER_PATHS = NO;
				CLANG_CXX_LANGUAGE_STANDARD = "gnu++0x";
				CLANG_CXX_LIBRARY = "libc++";
				CLANG_WARN_CONSTANT_CONVERSION = YES;
				CLANG_WARN_EMPTY_BODY = YES;
				CLANG_WARN_ENUM_CONVERSION = YES;
				CLANG_WARN_INT_CONVERSION = YES;
				CLANG_WARN__DUPLICATE_METHOD_MATCH = YES;
				"CODE_SIGN_IDENTITY[sdk=iphoneos*]" = "iPhone Developer";
				COPY_PHASE_STRIP = NO;
				GCC_C_LANGUAGE_STANDARD = gnu99;
				GCC_DYNAMIC_NO_PIC = NO;
				GCC_OPTIMIZATION_LEVEL = 0;
				GCC_PREPROCESSOR_DEFINITIONS = (
					"DEBUG=1",
					"$(inherited)",
				);
				GCC_SYMBOLS_PRIVATE_EXTERN = NO;
				GCC_WARN_ABOUT_RETURN_TYPE = YES;
				GCC_WARN_UNINITIALIZED_AUTOS = YES;
				GCC_WARN_UNUSED_VARIABLE = YES;
				IPHONEOS_DEPLOYMENT_TARGET = 6.1;
				ONLY_ACTIVE_ARCH = YES;
				PUBLIC_HEADERS_FOLDER_PATH = "$(TARGET_NAME)";
				SDKROOT = iphoneos;
				TARGETED_DEVICE_FAMILY = 2;
			};
			name = Debug;
		};
		57B3001D177AD9BC00775FC9 /* Release */ = {
			isa = XCBuildConfiguration;
			buildSettings = {
				ALWAYS_SEARCH_USER_PATHS = NO;
				CLANG_CXX_LANGUAGE_STANDARD = "gnu++0x";
				CLANG_CXX_LIBRARY = "libc++";
				CLANG_WARN_CONSTANT_CONVERSION = YES;
				CLANG_WARN_EMPTY_BODY = YES;
				CLANG_WARN_ENUM_CONVERSION = YES;
				CLANG_WARN_INT_CONVERSION = YES;
				CLANG_WARN__DUPLICATE_METHOD_MATCH = YES;
				"CODE_SIGN_IDENTITY[sdk=iphoneos*]" = "iPhone Developer";
				COPY_PHASE_STRIP = YES;
				GCC_C_LANGUAGE_STANDARD = gnu99;
				GCC_WARN_ABOUT_RETURN_TYPE = YES;
				GCC_WARN_UNINITIALIZED_AUTOS = YES;
				GCC_WARN_UNUSED_VARIABLE = YES;
				IPHONEOS_DEPLOYMENT_TARGET = 6.1;
				OTHER_CFLAGS = "-DNS_BLOCK_ASSERTIONS=1";
				PUBLIC_HEADERS_FOLDER_PATH = "$(TARGET_NAME)";
				SDKROOT = iphoneos;
				TARGETED_DEVICE_FAMILY = 2;
				VALIDATE_PRODUCT = YES;
			};
			name = Release;
		};
		57B3001F177AD9BC00775FC9 /* Debug */ = {
			isa = XCBuildConfiguration;
			buildSettings = {
				GCC_PRECOMPILE_PREFIX_HEADER = YES;
				GCC_PREFIX_HEADER = "JoinShow/JoinShow-Prefix.pch";
				INFOPLIST_FILE = "JoinShow/JoinShow-Info.plist";
				PRODUCT_NAME = "$(TARGET_NAME)";
				WRAPPER_EXTENSION = app;
			};
			name = Debug;
		};
		57B30020177AD9BC00775FC9 /* Release */ = {
			isa = XCBuildConfiguration;
			buildSettings = {
				GCC_PRECOMPILE_PREFIX_HEADER = YES;
				GCC_PREFIX_HEADER = "JoinShow/JoinShow-Prefix.pch";
				INFOPLIST_FILE = "JoinShow/JoinShow-Info.plist";
				PRODUCT_NAME = "$(TARGET_NAME)";
				WRAPPER_EXTENSION = app;
			};
			name = Release;
		};
		57B30022177AD9BC00775FC9 /* Debug */ = {
			isa = XCBuildConfiguration;
			buildSettings = {
				BUNDLE_LOADER = "$(BUILT_PRODUCTS_DIR)/JoinShow.app/JoinShow";
				FRAMEWORK_SEARCH_PATHS = (
					"\"$(SDKROOT)/Developer/Library/Frameworks\"",
					"\"$(DEVELOPER_LIBRARY_DIR)/Frameworks\"",
				);
				GCC_PRECOMPILE_PREFIX_HEADER = YES;
				GCC_PREFIX_HEADER = "JoinShow/JoinShow-Prefix.pch";
				INFOPLIST_FILE = "JoinShowTests/JoinShowTests-Info.plist";
				PRODUCT_NAME = "$(TARGET_NAME)";
				TEST_HOST = "$(BUNDLE_LOADER)";
				WRAPPER_EXTENSION = octest;
			};
			name = Debug;
		};
		57B30023177AD9BC00775FC9 /* Release */ = {
			isa = XCBuildConfiguration;
			buildSettings = {
				BUNDLE_LOADER = "$(BUILT_PRODUCTS_DIR)/JoinShow.app/JoinShow";
				FRAMEWORK_SEARCH_PATHS = (
					"\"$(SDKROOT)/Developer/Library/Frameworks\"",
					"\"$(DEVELOPER_LIBRARY_DIR)/Frameworks\"",
				);
				GCC_PRECOMPILE_PREFIX_HEADER = YES;
				GCC_PREFIX_HEADER = "JoinShow/JoinShow-Prefix.pch";
				INFOPLIST_FILE = "JoinShowTests/JoinShowTests-Info.plist";
				PRODUCT_NAME = "$(TARGET_NAME)";
				TEST_HOST = "$(BUNDLE_LOADER)";
				WRAPPER_EXTENSION = octest;
			};
			name = Release;
		};
/* End XCBuildConfiguration section */

/* Begin XCConfigurationList section */
		57B3001E177AD9BC00775FC9 /* Build configuration list for PBXNativeTarget "JoinShow" */ = {
			isa = XCConfigurationList;
			buildConfigurations = (
				57B3001F177AD9BC00775FC9 /* Debug */,
				57B30020177AD9BC00775FC9 /* Release */,
			);
			defaultConfigurationIsVisible = 0;
			defaultConfigurationName = Release;
		};
		57B30021177AD9BC00775FC9 /* Build configuration list for PBXNativeTarget "JoinShowTests" */ = {
			isa = XCConfigurationList;
			buildConfigurations = (
				57B30022177AD9BC00775FC9 /* Debug */,
				57B30023177AD9BC00775FC9 /* Release */,
			);
			defaultConfigurationIsVisible = 0;
			defaultConfigurationName = Release;
		};
		57B3FFE1177AD9BC00775FC9 /* Build configuration list for PBXProject "JoinShow" */ = {
			isa = XCConfigurationList;
			buildConfigurations = (
				57B3001C177AD9BC00775FC9 /* Debug */,
				57B3001D177AD9BC00775FC9 /* Release */,
			);
			defaultConfigurationIsVisible = 0;
			defaultConfigurationName = Release;
		};
/* End XCConfigurationList section */
	};
	rootObject = 57B3FFDE177AD9BC00775FC9 /* Project object */;
}
